// !$*UTF8*$!
{
	archiveVersion = 1;
	classes = {
	};
	objectVersion = 51;
	objects = {

/* Begin PBXBuildFile section */
		8D0BC63A0222142799448249 /* Pods_TodayNews.framework in Frameworks */ = {isa = PBXBuildFile; fileRef = BBF4E4B4446E1131BDFFBF07 /* Pods_TodayNews.framework */; };
		E55A3A6525957E1A00B312F3 /* YDLeftImageTableViewCell.swift in Sources */ = {isa = PBXBuildFile; fileRef = E55A3A6325957E1A00B312F3 /* YDLeftImageTableViewCell.swift */; };
		E55A3A6625957E1A00B312F3 /* YDLeftImageTableViewCell.xib in Resources */ = {isa = PBXBuildFile; fileRef = E55A3A6425957E1A00B312F3 /* YDLeftImageTableViewCell.xib */; };
		E55A3A692595849700B312F3 /* YDBaseTableViewController.swift in Sources */ = {isa = PBXBuildFile; fileRef = E55A3A682595849700B312F3 /* YDBaseTableViewController.swift */; };
		E55A3A6C2595C17800B312F3 /* YDReqModel.swift in Sources */ = {isa = PBXBuildFile; fileRef = E55A3A6B2595C17800B312F3 /* YDReqModel.swift */; };
		E55A3A882595D9A100B312F3 /* LayoutConstraint+ECDesignable.swift in Sources */ = {isa = PBXBuildFile; fileRef = E55A3A872595D9A100B312F3 /* LayoutConstraint+ECDesignable.swift */; };
		E55A3A8D25997D9100B312F3 /* YDBottomView.swift in Sources */ = {isa = PBXBuildFile; fileRef = E55A3A8C25997D9100B312F3 /* YDBottomView.swift */; };
		E55A3B392599AC6300B312F3 /* UIView+ECFrame.swift in Sources */ = {isa = PBXBuildFile; fileRef = E55A3B382599AC6300B312F3 /* UIView+ECFrame.swift */; };
		E55A3B96259B014900B312F3 /* UIView+ECExtension.swift in Sources */ = {isa = PBXBuildFile; fileRef = E55A3B95259B014900B312F3 /* UIView+ECExtension.swift */; };
		E55A3BB1259B179C00B312F3 /* YDMultiImageTableViewCell.swift in Sources */ = {isa = PBXBuildFile; fileRef = E55A3BAF259B179C00B312F3 /* YDMultiImageTableViewCell.swift */; };
		E55A3BC9259DAD2F00B312F3 /* UIKit+Extension.swift in Sources */ = {isa = PBXBuildFile; fileRef = E55A3BC8259DAD2F00B312F3 /* UIKit+Extension.swift */; };
		E564411D250A213B0016B464 /* AppDelegate.swift in Sources */ = {isa = PBXBuildFile; fileRef = E564411C250A213B0016B464 /* AppDelegate.swift */; };
		E5644126250A213D0016B464 /* Assets.xcassets in Resources */ = {isa = PBXBuildFile; fileRef = E5644125250A213D0016B464 /* Assets.xcassets */; };
		E5644129250A213D0016B464 /* LaunchScreen.storyboard in Resources */ = {isa = PBXBuildFile; fileRef = E5644127250A213D0016B464 /* LaunchScreen.storyboard */; };
		E5644134250A27910016B464 /* ECMyTabBarController.swift in Sources */ = {isa = PBXBuildFile; fileRef = E5644133250A27910016B464 /* ECMyTabBarController.swift */; };
		E5644149250A2ABE0016B464 /* ECMyNavigationController.swift in Sources */ = {isa = PBXBuildFile; fileRef = E5644148250A2ABE0016B464 /* ECMyNavigationController.swift */; };
		E564414B250A2BCA0016B464 /* HomeViewController.swift in Sources */ = {isa = PBXBuildFile; fileRef = E564414A250A2BCA0016B464 /* HomeViewController.swift */; };
		E564414D250A2BDD0016B464 /* LivingViewController.swift in Sources */ = {isa = PBXBuildFile; fileRef = E564414C250A2BDD0016B464 /* LivingViewController.swift */; };
		E564414F250A2BF30016B464 /* InformationViewController.swift in Sources */ = {isa = PBXBuildFile; fileRef = E564414E250A2BF30016B464 /* InformationViewController.swift */; };
		E5644151250A2C040016B464 /* VideoViewController.swift in Sources */ = {isa = PBXBuildFile; fileRef = E5644150250A2C040016B464 /* VideoViewController.swift */; };
		E5674B6F250A65F500087C6C /* HttpRequest.swift in Sources */ = {isa = PBXBuildFile; fileRef = E5674B6E250A65F500087C6C /* HttpRequest.swift */; };
		E5F22418259318F60084DD69 /* UIDevice-iphoneX.swift in Sources */ = {isa = PBXBuildFile; fileRef = E5F22411259317B80084DD69 /* UIDevice-iphoneX.swift */; };
		E5F22447259431BA0084DD69 /* YDBaseModel.swift in Sources */ = {isa = PBXBuildFile; fileRef = E5F22446259431BA0084DD69 /* YDBaseModel.swift */; };
		E5F2244A2594327F0084DD69 /* YDChannelModel.swift in Sources */ = {isa = PBXBuildFile; fileRef = E5F224492594327F0084DD69 /* YDChannelModel.swift */; };
		E5F2244D259433AB0084DD69 /* YDResourceModel.swift in Sources */ = {isa = PBXBuildFile; fileRef = E5F2244C259433AB0084DD69 /* YDResourceModel.swift */; };
		E5F22450259433FC0084DD69 /* YDImageModel.swift in Sources */ = {isa = PBXBuildFile; fileRef = E5F2244F259433FC0084DD69 /* YDImageModel.swift */; };
		E5F224532594347B0084DD69 /* YDPosterCountModel.swift in Sources */ = {isa = PBXBuildFile; fileRef = E5F224522594347B0084DD69 /* YDPosterCountModel.swift */; };
		E5F2246825948D250084DD69 /* YDContentModel.swift in Sources */ = {isa = PBXBuildFile; fileRef = E5F2246725948D250084DD69 /* YDContentModel.swift */; };
		E5F2246B25948EBC0084DD69 /* YDCountModel.swift in Sources */ = {isa = PBXBuildFile; fileRef = E5F2246A25948EBC0084DD69 /* YDCountModel.swift */; };
		E5F2246E25948FDE0084DD69 /* YDMultipleModel.swift in Sources */ = {isa = PBXBuildFile; fileRef = E5F2246D25948FDE0084DD69 /* YDMultipleModel.swift */; };
		E5F41885250A7F300024C6D1 /* YDInterfaceDef.swift in Sources */ = {isa = PBXBuildFile; fileRef = E5F41884250A7F300024C6D1 /* YDInterfaceDef.swift */; };
		E5F41887250B557F0024C6D1 /* MacroDefine.swift in Sources */ = {isa = PBXBuildFile; fileRef = E5F41886250B557F0024C6D1 /* MacroDefine.swift */; };
		E5F41889250B628E0024C6D1 /* InformationTableViewController.swift in Sources */ = {isa = PBXBuildFile; fileRef = E5F41888250B628E0024C6D1 /* InformationTableViewController.swift */; };
/* End PBXBuildFile section */

/* Begin PBXFileReference section */
		46C49A60B138ADF331E1BB46 /* Pods-TodayNews.release.xcconfig */ = {isa = PBXFileReference; includeInIndex = 1; lastKnownFileType = text.xcconfig; name = "Pods-TodayNews.release.xcconfig"; path = "Target Support Files/Pods-TodayNews/Pods-TodayNews.release.xcconfig"; sourceTree = "<group>"; };
		9A8C2F22EC64078A2EA0E74A /* Pods-TodayNews.debug.xcconfig */ = {isa = PBXFileReference; includeInIndex = 1; lastKnownFileType = text.xcconfig; name = "Pods-TodayNews.debug.xcconfig"; path = "Target Support Files/Pods-TodayNews/Pods-TodayNews.debug.xcconfig"; sourceTree = "<group>"; };
		BBF4E4B4446E1131BDFFBF07 /* Pods_TodayNews.framework */ = {isa = PBXFileReference; explicitFileType = wrapper.framework; includeInIndex = 0; path = Pods_TodayNews.framework; sourceTree = BUILT_PRODUCTS_DIR; };
		E55A3A6325957E1A00B312F3 /* YDLeftImageTableViewCell.swift */ = {isa = PBXFileReference; lastKnownFileType = sourcecode.swift; path = YDLeftImageTableViewCell.swift; sourceTree = "<group>"; };
		E55A3A6425957E1A00B312F3 /* YDLeftImageTableViewCell.xib */ = {isa = PBXFileReference; lastKnownFileType = file.xib; path = YDLeftImageTableViewCell.xib; sourceTree = "<group>"; };
		E55A3A682595849700B312F3 /* YDBaseTableViewController.swift */ = {isa = PBXFileReference; lastKnownFileType = sourcecode.swift; path = YDBaseTableViewController.swift; sourceTree = "<group>"; };
		E55A3A6B2595C17800B312F3 /* YDReqModel.swift */ = {isa = PBXFileReference; lastKnownFileType = sourcecode.swift; path = YDReqModel.swift; sourceTree = "<group>"; };
		E55A3A872595D9A100B312F3 /* LayoutConstraint+ECDesignable.swift */ = {isa = PBXFileReference; lastKnownFileType = sourcecode.swift; path = "LayoutConstraint+ECDesignable.swift"; sourceTree = "<group>"; };
		E55A3A8C25997D9100B312F3 /* YDBottomView.swift */ = {isa = PBXFileReference; lastKnownFileType = sourcecode.swift; path = YDBottomView.swift; sourceTree = "<group>"; };
		E55A3B382599AC6300B312F3 /* UIView+ECFrame.swift */ = {isa = PBXFileReference; lastKnownFileType = sourcecode.swift; path = "UIView+ECFrame.swift"; sourceTree = "<group>"; };
		E55A3B95259B014900B312F3 /* UIView+ECExtension.swift */ = {isa = PBXFileReference; lastKnownFileType = sourcecode.swift; path = "UIView+ECExtension.swift"; sourceTree = "<group>"; };
		E55A3BAF259B179C00B312F3 /* YDMultiImageTableViewCell.swift */ = {isa = PBXFileReference; lastKnownFileType = sourcecode.swift; path = YDMultiImageTableViewCell.swift; sourceTree = "<group>"; };
		E55A3BC8259DAD2F00B312F3 /* UIKit+Extension.swift */ = {isa = PBXFileReference; lastKnownFileType = sourcecode.swift; path = "UIKit+Extension.swift"; sourceTree = "<group>"; };
		E5644119250A213B0016B464 /* TodayNews.app */ = {isa = PBXFileReference; explicitFileType = wrapper.application; includeInIndex = 0; path = TodayNews.app; sourceTree = BUILT_PRODUCTS_DIR; };
		E564411C250A213B0016B464 /* AppDelegate.swift */ = {isa = PBXFileReference; lastKnownFileType = sourcecode.swift; path = AppDelegate.swift; sourceTree = "<group>"; };
		E5644125250A213D0016B464 /* Assets.xcassets */ = {isa = PBXFileReference; lastKnownFileType = folder.assetcatalog; path = Assets.xcassets; sourceTree = "<group>"; };
		E5644128250A213D0016B464 /* Base */ = {isa = PBXFileReference; lastKnownFileType = file.storyboard; name = Base; path = Base.lproj/LaunchScreen.storyboard; sourceTree = "<group>"; };
		E564412A250A213D0016B464 /* Info.plist */ = {isa = PBXFileReference; lastKnownFileType = text.plist.xml; path = Info.plist; sourceTree = "<group>"; };
		E5644133250A27910016B464 /* ECMyTabBarController.swift */ = {isa = PBXFileReference; lastKnownFileType = sourcecode.swift; path = ECMyTabBarController.swift; sourceTree = "<group>"; };
		E5644148250A2ABE0016B464 /* ECMyNavigationController.swift */ = {isa = PBXFileReference; lastKnownFileType = sourcecode.swift; path = ECMyNavigationController.swift; sourceTree = "<group>"; };
		E564414A250A2BCA0016B464 /* HomeViewController.swift */ = {isa = PBXFileReference; lastKnownFileType = sourcecode.swift; path = HomeViewController.swift; sourceTree = "<group>"; };
		E564414C250A2BDD0016B464 /* LivingViewController.swift */ = {isa = PBXFileReference; lastKnownFileType = sourcecode.swift; path = LivingViewController.swift; sourceTree = "<group>"; };
		E564414E250A2BF30016B464 /* InformationViewController.swift */ = {isa = PBXFileReference; lastKnownFileType = sourcecode.swift; path = InformationViewController.swift; sourceTree = "<group>"; };
		E5644150250A2C040016B464 /* VideoViewController.swift */ = {isa = PBXFileReference; lastKnownFileType = sourcecode.swift; path = VideoViewController.swift; sourceTree = "<group>"; };
		E5674B6E250A65F500087C6C /* HttpRequest.swift */ = {isa = PBXFileReference; lastKnownFileType = sourcecode.swift; path = HttpRequest.swift; sourceTree = "<group>"; };
		E5F22411259317B80084DD69 /* UIDevice-iphoneX.swift */ = {isa = PBXFileReference; fileEncoding = 4; lastKnownFileType = sourcecode.swift; path = "UIDevice-iphoneX.swift"; sourceTree = "<group>"; };
		E5F22446259431BA0084DD69 /* YDBaseModel.swift */ = {isa = PBXFileReference; lastKnownFileType = sourcecode.swift; path = YDBaseModel.swift; sourceTree = "<group>"; };
		E5F224492594327F0084DD69 /* YDChannelModel.swift */ = {isa = PBXFileReference; lastKnownFileType = sourcecode.swift; path = YDChannelModel.swift; sourceTree = "<group>"; };
		E5F2244C259433AB0084DD69 /* YDResourceModel.swift */ = {isa = PBXFileReference; lastKnownFileType = sourcecode.swift; path = YDResourceModel.swift; sourceTree = "<group>"; };
		E5F2244F259433FC0084DD69 /* YDImageModel.swift */ = {isa = PBXFileReference; lastKnownFileType = sourcecode.swift; path = YDImageModel.swift; sourceTree = "<group>"; };
		E5F224522594347B0084DD69 /* YDPosterCountModel.swift */ = {isa = PBXFileReference; lastKnownFileType = sourcecode.swift; path = YDPosterCountModel.swift; sourceTree = "<group>"; };
		E5F2246725948D250084DD69 /* YDContentModel.swift */ = {isa = PBXFileReference; lastKnownFileType = sourcecode.swift; path = YDContentModel.swift; sourceTree = "<group>"; };
		E5F2246A25948EBC0084DD69 /* YDCountModel.swift */ = {isa = PBXFileReference; lastKnownFileType = sourcecode.swift; path = YDCountModel.swift; sourceTree = "<group>"; };
		E5F2246D25948FDE0084DD69 /* YDMultipleModel.swift */ = {isa = PBXFileReference; lastKnownFileType = sourcecode.swift; path = YDMultipleModel.swift; sourceTree = "<group>"; };
		E5F41884250A7F300024C6D1 /* YDInterfaceDef.swift */ = {isa = PBXFileReference; lastKnownFileType = sourcecode.swift; path = YDInterfaceDef.swift; sourceTree = "<group>"; };
		E5F41886250B557F0024C6D1 /* MacroDefine.swift */ = {isa = PBXFileReference; lastKnownFileType = sourcecode.swift; path = MacroDefine.swift; sourceTree = "<group>"; };
		E5F41888250B628E0024C6D1 /* InformationTableViewController.swift */ = {isa = PBXFileReference; lastKnownFileType = sourcecode.swift; path = InformationTableViewController.swift; sourceTree = "<group>"; };
/* End PBXFileReference section */

/* Begin PBXFrameworksBuildPhase section */
		E5644116250A213B0016B464 /* Frameworks */ = {
			isa = PBXFrameworksBuildPhase;
			buildActionMask = 2147483647;
			files = (
				8D0BC63A0222142799448249 /* Pods_TodayNews.framework in Frameworks */,
			);
			runOnlyForDeploymentPostprocessing = 0;
		};
/* End PBXFrameworksBuildPhase section */

/* Begin PBXGroup section */
		428D6AAB5462D102C7ADB1BE /* Frameworks */ = {
			isa = PBXGroup;
			children = (
				BBF4E4B4446E1131BDFFBF07 /* Pods_TodayNews.framework */,
			);
			name = Frameworks;
			sourceTree = "<group>";
		};
		AE5286C917D998C1D02C98EA /* Pods */ = {
			isa = PBXGroup;
			children = (
				9A8C2F22EC64078A2EA0E74A /* Pods-TodayNews.debug.xcconfig */,
				46C49A60B138ADF331E1BB46 /* Pods-TodayNews.release.xcconfig */,
			);
			path = Pods;
			sourceTree = "<group>";
		};
		E5644110250A213B0016B464 = {
			isa = PBXGroup;
			children = (
				E564411B250A213B0016B464 /* TodayNews */,
				E564411A250A213B0016B464 /* Products */,
				AE5286C917D998C1D02C98EA /* Pods */,
				428D6AAB5462D102C7ADB1BE /* Frameworks */,
			);
			sourceTree = "<group>";
		};
		E564411A250A213B0016B464 /* Products */ = {
			isa = PBXGroup;
			children = (
				E5644119250A213B0016B464 /* TodayNews.app */,
			);
			name = Products;
			sourceTree = "<group>";
		};
		E564411B250A213B0016B464 /* TodayNews */ = {
			isa = PBXGroup;
			children = (
				E5644130250A27110016B464 /* Classes */,
				E564411C250A213B0016B464 /* AppDelegate.swift */,
				E5644125250A213D0016B464 /* Assets.xcassets */,
				E5644127250A213D0016B464 /* LaunchScreen.storyboard */,
				E564412A250A213D0016B464 /* Info.plist */,
			);
			path = TodayNews;
			sourceTree = "<group>";
		};
		E5644130250A27110016B464 /* Classes */ = {
			isa = PBXGroup;
			children = (
				E5644145250A2A500016B464 /* Video */,
				E5644142250A2A320016B464 /* Information */,
				E564413F250A2A180016B464 /* Living */,
				E5644135250A28F90016B464 /* Home */,
				E5644131250A27350016B464 /* Mian */,
			);
			path = Classes;
			sourceTree = "<group>";
		};
		E5644131250A27350016B464 /* Mian */ = {
			isa = PBXGroup;
			children = (
				E5674B6D250A659A00087C6C /* Tools */,
				E5F41883250A7F0E0024C6D1 /* Other */,
				E5644132250A273C0016B464 /* Controller */,
			);
			path = Mian;
			sourceTree = "<group>";
		};
		E5644132250A273C0016B464 /* Controller */ = {
			isa = PBXGroup;
			children = (
				E5644133250A27910016B464 /* ECMyTabBarController.swift */,
				E5644148250A2ABE0016B464 /* ECMyNavigationController.swift */,
				E55A3A682595849700B312F3 /* YDBaseTableViewController.swift */,
			);
			path = Controller;
			sourceTree = "<group>";
		};
		E5644135250A28F90016B464 /* Home */ = {
			isa = PBXGroup;
			children = (
				E5F22436259344030084DD69 /* view */,
				E5F22435259343FC0084DD69 /* model */,
				E5644136250A29020016B464 /* controller */,
			);
			path = Home;
			sourceTree = "<group>";
		};
		E5644136250A29020016B464 /* controller */ = {
			isa = PBXGroup;
			children = (
				E564414A250A2BCA0016B464 /* HomeViewController.swift */,
				E5F41888250B628E0024C6D1 /* InformationTableViewController.swift */,
			);
			path = controller;
			sourceTree = "<group>";
		};
		E564413F250A2A180016B464 /* Living */ = {
			isa = PBXGroup;
			children = (
				E5644141250A2A2A0016B464 /* view */,
				E5644140250A2A210016B464 /* controller */,
			);
			path = Living;
			sourceTree = "<group>";
		};
		E5644140250A2A210016B464 /* controller */ = {
			isa = PBXGroup;
			children = (
				E564414C250A2BDD0016B464 /* LivingViewController.swift */,
			);
			path = controller;
			sourceTree = "<group>";
		};
		E5644141250A2A2A0016B464 /* view */ = {
			isa = PBXGroup;
			children = (
			);
			path = view;
			sourceTree = "<group>";
		};
		E5644142250A2A320016B464 /* Information */ = {
			isa = PBXGroup;
			children = (
				E5644144250A2A480016B464 /* view */,
				E5644143250A2A3E0016B464 /* controller */,
			);
			path = Information;
			sourceTree = "<group>";
		};
		E5644143250A2A3E0016B464 /* controller */ = {
			isa = PBXGroup;
			children = (
				E564414E250A2BF30016B464 /* InformationViewController.swift */,
			);
			path = controller;
			sourceTree = "<group>";
		};
		E5644144250A2A480016B464 /* view */ = {
			isa = PBXGroup;
			children = (
			);
			path = view;
			sourceTree = "<group>";
		};
		E5644145250A2A500016B464 /* Video */ = {
			isa = PBXGroup;
			children = (
				E5644147250A2A6E0016B464 /* controller */,
				E5644146250A2A620016B464 /* view */,
			);
			path = Video;
			sourceTree = "<group>";
		};
		E5644146250A2A620016B464 /* view */ = {
			isa = PBXGroup;
			children = (
			);
			path = view;
			sourceTree = "<group>";
		};
		E5644147250A2A6E0016B464 /* controller */ = {
			isa = PBXGroup;
			children = (
				E5644150250A2C040016B464 /* VideoViewController.swift */,
			);
			path = controller;
			sourceTree = "<group>";
		};
		E5674B6D250A659A00087C6C /* Tools */ = {
			isa = PBXGroup;
			children = (
				E5F22440259431570084DD69 /* Model */,
				E5F224142593180F0084DD69 /* Network */,
				E5F22410259317A30084DD69 /* Extension */,
			);
			path = Tools;
			sourceTree = "<group>";
		};
		E5F22410259317A30084DD69 /* Extension */ = {
			isa = PBXGroup;
			children = (
				E5F22411259317B80084DD69 /* UIDevice-iphoneX.swift */,
				E55A3A872595D9A100B312F3 /* LayoutConstraint+ECDesignable.swift */,
				E55A3B382599AC6300B312F3 /* UIView+ECFrame.swift */,
				E55A3B95259B014900B312F3 /* UIView+ECExtension.swift */,
				E55A3BC8259DAD2F00B312F3 /* UIKit+Extension.swift */,
			);
			path = Extension;
			sourceTree = "<group>";
		};
		E5F224142593180F0084DD69 /* Network */ = {
			isa = PBXGroup;
			children = (
				E5674B6E250A65F500087C6C /* HttpRequest.swift */,
			);
			path = Network;
			sourceTree = "<group>";
		};
		E5F22435259343FC0084DD69 /* model */ = {
			isa = PBXGroup;
			children = (
				E5F2246725948D250084DD69 /* YDContentModel.swift */,
				E55A3A6B2595C17800B312F3 /* YDReqModel.swift */,
			);
			path = model;
			sourceTree = "<group>";
		};
		E5F22436259344030084DD69 /* view */ = {
			isa = PBXGroup;
			children = (
				E55A3A6325957E1A00B312F3 /* YDLeftImageTableViewCell.swift */,
				E55A3A6425957E1A00B312F3 /* YDLeftImageTableViewCell.xib */,
				E55A3A8C25997D9100B312F3 /* YDBottomView.swift */,
				E55A3BAF259B179C00B312F3 /* YDMultiImageTableViewCell.swift */,
			);
			path = view;
			sourceTree = "<group>";
		};
		E5F22440259431570084DD69 /* Model */ = {
			isa = PBXGroup;
			children = (
				E5F22446259431BA0084DD69 /* YDBaseModel.swift */,
				E5F224522594347B0084DD69 /* YDPosterCountModel.swift */,
				E5F2244C259433AB0084DD69 /* YDResourceModel.swift */,
				E5F2244F259433FC0084DD69 /* YDImageModel.swift */,
				E5F224492594327F0084DD69 /* YDChannelModel.swift */,
				E5F2246A25948EBC0084DD69 /* YDCountModel.swift */,
				E5F2246D25948FDE0084DD69 /* YDMultipleModel.swift */,
			);
			path = Model;
			sourceTree = "<group>";
		};
		E5F41883250A7F0E0024C6D1 /* Other */ = {
			isa = PBXGroup;
			children = (
				E5F41884250A7F300024C6D1 /* YDInterfaceDef.swift */,
				E5F41886250B557F0024C6D1 /* MacroDefine.swift */,
			);
			path = Other;
			sourceTree = "<group>";
		};
/* End PBXGroup section */

/* Begin PBXNativeTarget section */
		E5644118250A213B0016B464 /* TodayNews */ = {
			isa = PBXNativeTarget;
			buildConfigurationList = E564412D250A213D0016B464 /* Build configuration list for PBXNativeTarget "TodayNews" */;
			buildPhases = (
				ACC3B1D1DE853554EA47F70E /* [CP] Check Pods Manifest.lock */,
				E5644115250A213B0016B464 /* Sources */,
				E5644116250A213B0016B464 /* Frameworks */,
				E5644117250A213B0016B464 /* Resources */,
				D530BD6077EEEF3955EFF56E /* [CP] Embed Pods Frameworks */,
			);
			buildRules = (
			);
			dependencies = (
			);
			name = TodayNews;
			productName = TodayNews;
			productReference = E5644119250A213B0016B464 /* TodayNews.app */;
			productType = "com.apple.product-type.application";
		};
/* End PBXNativeTarget section */

/* Begin PBXProject section */
		E5644111250A213B0016B464 /* Project object */ = {
			isa = PBXProject;
			attributes = {
				LastSwiftUpdateCheck = 1160;
				LastUpgradeCheck = 1160;
				ORGANIZATIONNAME = chao;
				TargetAttributes = {
					E5644118250A213B0016B464 = {
						CreatedOnToolsVersion = 11.6;
					};
				};
			};
			buildConfigurationList = E5644114250A213B0016B464 /* Build configuration list for PBXProject "TodayNews" */;
			compatibilityVersion = "Xcode 9.3";
			developmentRegion = en;
			hasScannedForEncodings = 0;
			knownRegions = (
				en,
				Base,
			);
			mainGroup = E5644110250A213B0016B464;
			productRefGroup = E564411A250A213B0016B464 /* Products */;
			projectDirPath = "";
			projectRoot = "";
			targets = (
				E5644118250A213B0016B464 /* TodayNews */,
			);
		};
/* End PBXProject section */

/* Begin PBXResourcesBuildPhase section */
		E5644117250A213B0016B464 /* Resources */ = {
			isa = PBXResourcesBuildPhase;
			buildActionMask = 2147483647;
			files = (
				E5644129250A213D0016B464 /* LaunchScreen.storyboard in Resources */,
				E55A3A6625957E1A00B312F3 /* YDLeftImageTableViewCell.xib in Resources */,
				E5644126250A213D0016B464 /* Assets.xcassets in Resources */,
			);
			runOnlyForDeploymentPostprocessing = 0;
		};
/* End PBXResourcesBuildPhase section */

/* Begin PBXShellScriptBuildPhase section */
		ACC3B1D1DE853554EA47F70E /* [CP] Check Pods Manifest.lock */ = {
			isa = PBXShellScriptBuildPhase;
			buildActionMask = 2147483647;
			files = (
			);
			inputFileListPaths = (
			);
			inputPaths = (
				"${PODS_PODFILE_DIR_PATH}/Podfile.lock",
				"${PODS_ROOT}/Manifest.lock",
			);
			name = "[CP] Check Pods Manifest.lock";
			outputFileListPaths = (
			);
			outputPaths = (
				"$(DERIVED_FILE_DIR)/Pods-TodayNews-checkManifestLockResult.txt",
			);
			runOnlyForDeploymentPostprocessing = 0;
			shellPath = /bin/sh;
			shellScript = "diff \"${PODS_PODFILE_DIR_PATH}/Podfile.lock\" \"${PODS_ROOT}/Manifest.lock\" > /dev/null\nif [ $? != 0 ] ; then\n    # print error to STDERR\n    echo \"error: The sandbox is not in sync with the Podfile.lock. Run 'pod install' or update your CocoaPods installation.\" >&2\n    exit 1\nfi\n# This output is used by Xcode 'outputs' to avoid re-running this script phase.\necho \"SUCCESS\" > \"${SCRIPT_OUTPUT_FILE_0}\"\n";
			showEnvVarsInLog = 0;
		};
		D530BD6077EEEF3955EFF56E /* [CP] Embed Pods Frameworks */ = {
			isa = PBXShellScriptBuildPhase;
			buildActionMask = 2147483647;
			files = (
			);
			inputFileListPaths = (
				"${PODS_ROOT}/Target Support Files/Pods-TodayNews/Pods-TodayNews-frameworks-${CONFIGURATION}-input-files.xcfilelist",
			);
			name = "[CP] Embed Pods Frameworks";
			outputFileListPaths = (
				"${PODS_ROOT}/Target Support Files/Pods-TodayNews/Pods-TodayNews-frameworks-${CONFIGURATION}-output-files.xcfilelist",
			);
			runOnlyForDeploymentPostprocessing = 0;
			shellPath = /bin/sh;
			shellScript = "\"${PODS_ROOT}/Target Support Files/Pods-TodayNews/Pods-TodayNews-frameworks.sh\"\n";
			showEnvVarsInLog = 0;
		};
/* End PBXShellScriptBuildPhase section */

/* Begin PBXSourcesBuildPhase section */
		E5644115250A213B0016B464 /* Sources */ = {
			isa = PBXSourcesBuildPhase;
			buildActionMask = 2147483647;
			files = (
				E5F2244D259433AB0084DD69 /* YDResourceModel.swift in Sources */,
				E5644149250A2ABE0016B464 /* ECMyNavigationController.swift in Sources */,
				E5F2246E25948FDE0084DD69 /* YDMultipleModel.swift in Sources */,
				E5F2246825948D250084DD69 /* YDContentModel.swift in Sources */,
				E5644151250A2C040016B464 /* VideoViewController.swift in Sources */,
				E55A3A692595849700B312F3 /* YDBaseTableViewController.swift in Sources */,
				E55A3BC9259DAD2F00B312F3 /* UIKit+Extension.swift in Sources */,
				E564411D250A213B0016B464 /* AppDelegate.swift in Sources */,
				E564414D250A2BDD0016B464 /* LivingViewController.swift in Sources */,
				E55A3A6C2595C17800B312F3 /* YDReqModel.swift in Sources */,
				E5F22447259431BA0084DD69 /* YDBaseModel.swift in Sources */,
				E5F2246B25948EBC0084DD69 /* YDCountModel.swift in Sources */,
				E5674B6F250A65F500087C6C /* HttpRequest.swift in Sources */,
				E55A3B96259B014900B312F3 /* UIView+ECExtension.swift in Sources */,
				E55A3A6525957E1A00B312F3 /* YDLeftImageTableViewCell.swift in Sources */,
				E5F41889250B628E0024C6D1 /* InformationTableViewController.swift in Sources */,
				E5F41885250A7F300024C6D1 /* YDInterfaceDef.swift in Sources */,
				E5F2244A2594327F0084DD69 /* YDChannelModel.swift in Sources */,
				E5644134250A27910016B464 /* ECMyTabBarController.swift in Sources */,
				E5F224532594347B0084DD69 /* YDPosterCountModel.swift in Sources */,
				E55A3B392599AC6300B312F3 /* UIView+ECFrame.swift in Sources */,
				E55A3A882595D9A100B312F3 /* LayoutConstraint+ECDesignable.swift in Sources */,
				E564414B250A2BCA0016B464 /* HomeViewController.swift in Sources */,
				E564414F250A2BF30016B464 /* InformationViewController.swift in Sources */,
				E55A3A8D25997D9100B312F3 /* YDBottomView.swift in Sources */,
				E5F41887250B557F0024C6D1 /* MacroDefine.swift in Sources */,
				E5F22450259433FC0084DD69 /* YDImageModel.swift in Sources */,
				E55A3BB1259B179C00B312F3 /* YDMultiImageTableViewCell.swift in Sources */,
				E5F22418259318F60084DD69 /* UIDevice-iphoneX.swift in Sources */,
			);
			runOnlyForDeploymentPostprocessing = 0;
		};
/* End PBXSourcesBuildPhase section */

/* Begin PBXVariantGroup section */
		E5644127250A213D0016B464 /* LaunchScreen.storyboard */ = {
			isa = PBXVariantGroup;
			children = (
				E5644128250A213D0016B464 /* Base */,
			);
			name = LaunchScreen.storyboard;
			sourceTree = "<group>";
		};
/* End PBXVariantGroup section */

/* Begin XCBuildConfiguration section */
		E564412B250A213D0016B464 /* Debug */ = {
			isa = XCBuildConfiguration;
			buildSettings = {
				ALWAYS_SEARCH_USER_PATHS = NO;
				CLANG_ANALYZER_NONNULL = YES;
				CLANG_ANALYZER_NUMBER_OBJECT_CONVERSION = YES_AGGRESSIVE;
				CLANG_CXX_LANGUAGE_STANDARD = "gnu++14";
				CLANG_CXX_LIBRARY = "libc++";
				CLANG_ENABLE_MODULES = YES;
				CLANG_ENABLE_OBJC_ARC = YES;
				CLANG_ENABLE_OBJC_WEAK = YES;
				CLANG_WARN_BLOCK_CAPTURE_AUTORELEASING = YES;
				CLANG_WARN_BOOL_CONVERSION = YES;
				CLANG_WARN_COMMA = YES;
				CLANG_WARN_CONSTANT_CONVERSION = YES;
				CLANG_WARN_DEPRECATED_OBJC_IMPLEMENTATIONS = YES;
				CLANG_WARN_DIRECT_OBJC_ISA_USAGE = YES_ERROR;
				CLANG_WARN_DOCUMENTATION_COMMENTS = YES;
				CLANG_WARN_EMPTY_BODY = YES;
				CLANG_WARN_ENUM_CONVERSION = YES;
				CLANG_WARN_INFINITE_RECURSION = YES;
				CLANG_WARN_INT_CONVERSION = YES;
				CLANG_WARN_NON_LITERAL_NULL_CONVERSION = YES;
				CLANG_WARN_OBJC_IMPLICIT_RETAIN_SELF = YES;
				CLANG_WARN_OBJC_LITERAL_CONVERSION = YES;
				CLANG_WARN_OBJC_ROOT_CLASS = YES_ERROR;
				CLANG_WARN_RANGE_LOOP_ANALYSIS = YES;
				CLANG_WARN_STRICT_PROTOTYPES = YES;
				CLANG_WARN_SUSPICIOUS_MOVE = YES;
				CLANG_WARN_UNGUARDED_AVAILABILITY = YES_AGGRESSIVE;
				CLANG_WARN_UNREACHABLE_CODE = YES;
				CLANG_WARN__DUPLICATE_METHOD_MATCH = YES;
				COPY_PHASE_STRIP = NO;
				DEBUG_INFORMATION_FORMAT = dwarf;
				ENABLE_STRICT_OBJC_MSGSEND = YES;
				ENABLE_TESTABILITY = YES;
				GCC_C_LANGUAGE_STANDARD = gnu11;
				GCC_DYNAMIC_NO_PIC = NO;
				GCC_NO_COMMON_BLOCKS = YES;
				GCC_OPTIMIZATION_LEVEL = 0;
				GCC_PREPROCESSOR_DEFINITIONS = (
					"DEBUG=1",
					"$(inherited)",
				);
				GCC_WARN_64_TO_32_BIT_CONVERSION = YES;
				GCC_WARN_ABOUT_RETURN_TYPE = YES_ERROR;
				GCC_WARN_UNDECLARED_SELECTOR = YES;
				GCC_WARN_UNINITIALIZED_AUTOS = YES_AGGRESSIVE;
				GCC_WARN_UNUSED_FUNCTION = YES;
				GCC_WARN_UNUSED_VARIABLE = YES;
				IPHONEOS_DEPLOYMENT_TARGET = 10.0;
				MTL_ENABLE_DEBUG_INFO = INCLUDE_SOURCE;
				MTL_FAST_MATH = YES;
				ONLY_ACTIVE_ARCH = YES;
				SDKROOT = iphoneos;
				SWIFT_ACTIVE_COMPILATION_CONDITIONS = DEBUG;
				SWIFT_OPTIMIZATION_LEVEL = "-Onone";
			};
			name = Debug;
		};
		E564412C250A213D0016B464 /* Release */ = {
			isa = XCBuildConfiguration;
			buildSettings = {
				ALWAYS_SEARCH_USER_PATHS = NO;
				CLANG_ANALYZER_NONNULL = YES;
				CLANG_ANALYZER_NUMBER_OBJECT_CONVERSION = YES_AGGRESSIVE;
				CLANG_CXX_LANGUAGE_STANDARD = "gnu++14";
				CLANG_CXX_LIBRARY = "libc++";
				CLANG_ENABLE_MODULES = YES;
				CLANG_ENABLE_OBJC_ARC = YES;
				CLANG_ENABLE_OBJC_WEAK = YES;
				CLANG_WARN_BLOCK_CAPTURE_AUTORELEASING = YES;
				CLANG_WARN_BOOL_CONVERSION = YES;
				CLANG_WARN_COMMA = YES;
				CLANG_WARN_CONSTANT_CONVERSION = YES;
				CLANG_WARN_DEPRECATED_OBJC_IMPLEMENTATIONS = YES;
				CLANG_WARN_DIRECT_OBJC_ISA_USAGE = YES_ERROR;
				CLANG_WARN_DOCUMENTATION_COMMENTS = YES;
				CLANG_WARN_EMPTY_BODY = YES;
				CLANG_WARN_ENUM_CONVERSION = YES;
				CLANG_WARN_INFINITE_RECURSION = YES;
				CLANG_WARN_INT_CONVERSION = YES;
				CLANG_WARN_NON_LITERAL_NULL_CONVERSION = YES;
				CLANG_WARN_OBJC_IMPLICIT_RETAIN_SELF = YES;
				CLANG_WARN_OBJC_LITERAL_CONVERSION = YES;
				CLANG_WARN_OBJC_ROOT_CLASS = YES_ERROR;
				CLANG_WARN_RANGE_LOOP_ANALYSIS = YES;
				CLANG_WARN_STRICT_PROTOTYPES = YES;
				CLANG_WARN_SUSPICIOUS_MOVE = YES;
				CLANG_WARN_UNGUARDED_AVAILABILITY = YES_AGGRESSIVE;
				CLANG_WARN_UNREACHABLE_CODE = YES;
				CLANG_WARN__DUPLICATE_METHOD_MATCH = YES;
				COPY_PHASE_STRIP = NO;
				DEBUG_INFORMATION_FORMAT = "dwarf-with-dsym";
				ENABLE_NS_ASSERTIONS = NO;
				ENABLE_STRICT_OBJC_MSGSEND = YES;
				GCC_C_LANGUAGE_STANDARD = gnu11;
				GCC_NO_COMMON_BLOCKS = YES;
				GCC_WARN_64_TO_32_BIT_CONVERSION = YES;
				GCC_WARN_ABOUT_RETURN_TYPE = YES_ERROR;
				GCC_WARN_UNDECLARED_SELECTOR = YES;
				GCC_WARN_UNINITIALIZED_AUTOS = YES_AGGRESSIVE;
				GCC_WARN_UNUSED_FUNCTION = YES;
				GCC_WARN_UNUSED_VARIABLE = YES;
				IPHONEOS_DEPLOYMENT_TARGET = 10.0;
				MTL_ENABLE_DEBUG_INFO = NO;
				MTL_FAST_MATH = YES;
				SDKROOT = iphoneos;
				SWIFT_COMPILATION_MODE = wholemodule;
				SWIFT_OPTIMIZATION_LEVEL = "-O";
				VALIDATE_PRODUCT = YES;
			};
			name = Release;
		};
		E564412E250A213D0016B464 /* Debug */ = {
			isa = XCBuildConfiguration;
			baseConfigurationReference = 9A8C2F22EC64078A2EA0E74A /* Pods-TodayNews.debug.xcconfig */;
			buildSettings = {
				ARCHS = "$(ARCHS_STANDARD)";
				ASSETCATALOG_COMPILER_APPICON_NAME = AppIcon;
				CODE_SIGN_STYLE = Automatic;
				DEVELOPMENT_TEAM = JEAGCUN8WT;
				INFOPLIST_FILE = TodayNews/Info.plist;
				LD_RUNPATH_SEARCH_PATHS = (
					"$(inherited)",
					"@executable_path/Frameworks",
				);
				PRODUCT_BUNDLE_IDENTIFIER = com.wdit;
				PRODUCT_NAME = "$(TARGET_NAME)";
				SWIFT_VERSION = 5.0;
				TARGETED_DEVICE_FAMILY = "1,2";
			};
			name = Debug;
		};
		E564412F250A213D0016B464 /* Release */ = {
			isa = XCBuildConfiguration;
			baseConfigurationReference = 46C49A60B138ADF331E1BB46 /* Pods-TodayNews.release.xcconfig */;
			buildSettings = {
				ASSETCATALOG_COMPILER_APPICON_NAME = AppIcon;
				CODE_SIGN_STYLE = Automatic;
				DEVELOPMENT_TEAM = JEAGCUN8WT;
				INFOPLIST_FILE = TodayNews/Info.plist;
				LD_RUNPATH_SEARCH_PATHS = (
					"$(inherited)",
					"@executable_path/Frameworks",
				);
				PRODUCT_BUNDLE_IDENTIFIER = com.wdit;
				PRODUCT_NAME = "$(TARGET_NAME)";
				SWIFT_VERSION = 5.0;
				TARGETED_DEVICE_FAMILY = "1,2";
			};
			name = Release;
		};
/* End XCBuildConfiguration section */

/* Begin XCConfigurationList section */
		E5644114250A213B0016B464 /* Build configuration list for PBXProject "TodayNews" */ = {
			isa = XCConfigurationList;
			buildConfigurations = (
				E564412B250A213D0016B464 /* Debug */,
				E564412C250A213D0016B464 /* Release */,
			);
			defaultConfigurationIsVisible = 0;
			defaultConfigurationName = Release;
		};
		E564412D250A213D0016B464 /* Build configuration list for PBXNativeTarget "TodayNews" */ = {
			isa = XCConfigurationList;
			buildConfigurations = (
				E564412E250A213D0016B464 /* Debug */,
				E564412F250A213D0016B464 /* Release */,
			);
			defaultConfigurationIsVisible = 0;
			defaultConfigurationName = Release;
		};
/* End XCConfigurationList section */
	};
	rootObject = E5644111250A213B0016B464 /* Project object */;
}
