// !$*UTF8*$!
{
	archiveVersion = 1;
	classes = {
	};
	objectVersion = 51;
	objects = {

/* Begin PBXBuildFile section */
		8D0BC63A0222142799448249 /* Pods_TodayNews.framework in Frameworks */ = {isa = PBXBuildFile; fileRef = BBF4E4B4446E1131BDFFBF07 /* Pods_TodayNews.framework */; };
		E538683926004AF30060D719 /* ZXYWebView.swift in Sources */ = {isa = PBXBuildFile; fileRef = E538680B26004AF30060D719 /* ZXYWebView.swift */; };
		E538683A26004AF30060D719 /* ZXYWebViewPool.swift in Sources */ = {isa = PBXBuildFile; fileRef = E538680C26004AF30060D719 /* ZXYWebViewPool.swift */; };
		E538683B26004AF30060D719 /* ZXYWebEntity.swift in Sources */ = {isa = PBXBuildFile; fileRef = E538680D26004AF30060D719 /* ZXYWebEntity.swift */; };
		E538683C26004AF30060D719 /* ZXYWebNavigationBar.swift in Sources */ = {isa = PBXBuildFile; fileRef = E538680E26004AF30060D719 /* ZXYWebNavigationBar.swift */; };
		E538683D26004AF30060D719 /* ZXYWebViewHandle.swift in Sources */ = {isa = PBXBuildFile; fileRef = E538680F26004AF30060D719 /* ZXYWebViewHandle.swift */; };
		E538683E26004AF30060D719 /* dealerNews.html in Resources */ = {isa = PBXBuildFile; fileRef = E538681126004AF30060D719 /* dealerNews.html */; };
		E538683F26004AF30060D719 /* industryNews.html in Resources */ = {isa = PBXBuildFile; fileRef = E538681226004AF30060D719 /* industryNews.html */; };
		E538684026004AF30060D719 /* gray_stars.png in Resources */ = {isa = PBXBuildFile; fileRef = E538681426004AF30060D719 /* gray_stars.png */; };
		E538684126004AF30060D719 /* finger_down.png in Resources */ = {isa = PBXBuildFile; fileRef = E538681526004AF30060D719 /* finger_down.png */; };
		E538684226004AF30060D719 /* gold_stars.png in Resources */ = {isa = PBXBuildFile; fileRef = E538681626004AF30060D719 /* gold_stars.png */; };
		E538684326004AF30060D719 /* left_arrow.png in Resources */ = {isa = PBXBuildFile; fileRef = E538681726004AF30060D719 /* left_arrow.png */; };
		E538684426004AF30060D719 /* triangle.png in Resources */ = {isa = PBXBuildFile; fileRef = E538681826004AF30060D719 /* triangle.png */; };
		E538684526004AF30060D719 /* finger_up.png in Resources */ = {isa = PBXBuildFile; fileRef = E538681926004AF30060D719 /* finger_up.png */; };
		E538684626004AF30060D719 /* play1.png in Resources */ = {isa = PBXBuildFile; fileRef = E538681A26004AF30060D719 /* play1.png */; };
		E538684726004AF30060D719 /* parse.png in Resources */ = {isa = PBXBuildFile; fileRef = E538681B26004AF30060D719 /* parse.png */; };
		E538684826004AF30060D719 /* play2.png in Resources */ = {isa = PBXBuildFile; fileRef = E538681C26004AF30060D719 /* play2.png */; };
		E538684926004AF30060D719 /* newsDetails.css in Resources */ = {isa = PBXBuildFile; fileRef = E538681E26004AF30060D719 /* newsDetails.css */; };
		E538684A26004AF30060D719 /* public.css in Resources */ = {isa = PBXBuildFile; fileRef = E538681F26004AF30060D719 /* public.css */; };
		E538684B26004AF30060D719 /* previewImage.css in Resources */ = {isa = PBXBuildFile; fileRef = E538682026004AF30060D719 /* previewImage.css */; };
		E538684C26004AF30060D719 /* mui.min.css in Resources */ = {isa = PBXBuildFile; fileRef = E538682126004AF30060D719 /* mui.min.css */; };
		E538684D26004AF30060D719 /* ShareHeader.css in Resources */ = {isa = PBXBuildFile; fileRef = E538682226004AF30060D719 /* ShareHeader.css */; };
		E538684E26004AF30060D719 /* introduction.css in Resources */ = {isa = PBXBuildFile; fileRef = E538682326004AF30060D719 /* introduction.css */; };
		E538684F26004AF30060D719 /* ibPolicy.html in Resources */ = {isa = PBXBuildFile; fileRef = E538682426004AF30060D719 /* ibPolicy.html */; };
		E538685026004AF30060D719 /* banner.html in Resources */ = {isa = PBXBuildFile; fileRef = E538682526004AF30060D719 /* banner.html */; };
		E538685126004AF30060D719 /* ibPolicy.js in Resources */ = {isa = PBXBuildFile; fileRef = E538682826004AF30060D719 /* ibPolicy.js */; };
		E538685226004AF30060D719 /* dealerNews.js in Resources */ = {isa = PBXBuildFile; fileRef = E538682926004AF30060D719 /* dealerNews.js */; };
		E538685326004AF30060D719 /* introduction.js in Resources */ = {isa = PBXBuildFile; fileRef = E538682A26004AF30060D719 /* introduction.js */; };
		E538685426004AF30060D719 /* mui.previewimage.js in Resources */ = {isa = PBXBuildFile; fileRef = E538682C26004AF30060D719 /* mui.previewimage.js */; };
		E538685526004AF30060D719 /* public.js in Resources */ = {isa = PBXBuildFile; fileRef = E538682D26004AF30060D719 /* public.js */; };
		E538685626004AF30060D719 /* mui.min.js in Resources */ = {isa = PBXBuildFile; fileRef = E538682E26004AF30060D719 /* mui.min.js */; };
		E538685726004AF30060D719 /* mui.zoom.js in Resources */ = {isa = PBXBuildFile; fileRef = E538682F26004AF30060D719 /* mui.zoom.js */; };
		E538685826004AF30060D719 /* Compatible.min.js in Resources */ = {isa = PBXBuildFile; fileRef = E538683026004AF30060D719 /* Compatible.min.js */; };
		E538685926004AF30060D719 /* ScreenAdaptation.js in Resources */ = {isa = PBXBuildFile; fileRef = E538683126004AF30060D719 /* ScreenAdaptation.js */; };
		E538685A26004AF30060D719 /* layer.js in Resources */ = {isa = PBXBuildFile; fileRef = E538683226004AF30060D719 /* layer.js */; };
		E538685B26004AF30060D719 /* banner.js in Resources */ = {isa = PBXBuildFile; fileRef = E538683426004AF30060D719 /* banner.js */; };
		E538685C26004AF30060D719 /* industryNews.js in Resources */ = {isa = PBXBuildFile; fileRef = E538683526004AF30060D719 /* industryNews.js */; };
		E538685D26004AF30060D719 /* Introduction.html in Resources */ = {isa = PBXBuildFile; fileRef = E538683626004AF30060D719 /* Introduction.html */; };
		E538685E26004AF30060D719 /* ZXYWebViewController.swift in Sources */ = {isa = PBXBuildFile; fileRef = E538683726004AF30060D719 /* ZXYWebViewController.swift */; };
		E538685F26004AF30060D719 /* ZXYLocalWebViewController.swift in Sources */ = {isa = PBXBuildFile; fileRef = E538683826004AF30060D719 /* ZXYLocalWebViewController.swift */; };
		E5386862260059390060D719 /* UIColor+ECColor.swift in Sources */ = {isa = PBXBuildFile; fileRef = E5386861260059380060D719 /* UIColor+ECColor.swift */; };
		E53868682601DFCC0060D719 /* YDOnlyWebViewController.swift in Sources */ = {isa = PBXBuildFile; fileRef = E53868672601DFCC0060D719 /* YDOnlyWebViewController.swift */; };
		E55A3A692595849700B312F3 /* YDBaseTableViewController.swift in Sources */ = {isa = PBXBuildFile; fileRef = E55A3A682595849700B312F3 /* YDBaseTableViewController.swift */; };
		E55A3A882595D9A100B312F3 /* LayoutConstraint+ECDesignable.swift in Sources */ = {isa = PBXBuildFile; fileRef = E55A3A872595D9A100B312F3 /* LayoutConstraint+ECDesignable.swift */; };
		E55A3B392599AC6300B312F3 /* UIView+ECFrame.swift in Sources */ = {isa = PBXBuildFile; fileRef = E55A3B382599AC6300B312F3 /* UIView+ECFrame.swift */; };
		E55A3B96259B014900B312F3 /* UIView+ECExtension.swift in Sources */ = {isa = PBXBuildFile; fileRef = E55A3B95259B014900B312F3 /* UIView+ECExtension.swift */; };
		E55A3BC9259DAD2F00B312F3 /* UIKit+Extension.swift in Sources */ = {isa = PBXBuildFile; fileRef = E55A3BC8259DAD2F00B312F3 /* UIKit+Extension.swift */; };
		E564411D250A213B0016B464 /* AppDelegate.swift in Sources */ = {isa = PBXBuildFile; fileRef = E564411C250A213B0016B464 /* AppDelegate.swift */; };
		E5644126250A213D0016B464 /* Assets.xcassets in Resources */ = {isa = PBXBuildFile; fileRef = E5644125250A213D0016B464 /* Assets.xcassets */; };
		E5644129250A213D0016B464 /* LaunchScreen.storyboard in Resources */ = {isa = PBXBuildFile; fileRef = E5644127250A213D0016B464 /* LaunchScreen.storyboard */; };
		E5644134250A27910016B464 /* ECMyTabBarController.swift in Sources */ = {isa = PBXBuildFile; fileRef = E5644133250A27910016B464 /* ECMyTabBarController.swift */; };
		E5644149250A2ABE0016B464 /* ECMyNavigationController.swift in Sources */ = {isa = PBXBuildFile; fileRef = E5644148250A2ABE0016B464 /* ECMyNavigationController.swift */; };
		E564414B250A2BCA0016B464 /* HomeViewController.swift in Sources */ = {isa = PBXBuildFile; fileRef = E564414A250A2BCA0016B464 /* HomeViewController.swift */; };
		E564414D250A2BDD0016B464 /* LivingViewController.swift in Sources */ = {isa = PBXBuildFile; fileRef = E564414C250A2BDD0016B464 /* LivingViewController.swift */; };
		E564414F250A2BF30016B464 /* InformationViewController.swift in Sources */ = {isa = PBXBuildFile; fileRef = E564414E250A2BF30016B464 /* InformationViewController.swift */; };
		E5644151250A2C040016B464 /* VideoViewController.swift in Sources */ = {isa = PBXBuildFile; fileRef = E5644150250A2C040016B464 /* VideoViewController.swift */; };
		E5674B6F250A65F500087C6C /* HttpRequest.swift in Sources */ = {isa = PBXBuildFile; fileRef = E5674B6E250A65F500087C6C /* HttpRequest.swift */; };
		E571431B25AEED05000D58B4 /* YDBaseViewController.swift in Sources */ = {isa = PBXBuildFile; fileRef = E571431A25AEED05000D58B4 /* YDBaseViewController.swift */; };
		E571433C25AEFCC5000D58B4 /* YDLeftImageTableViewCell.swift in Sources */ = {isa = PBXBuildFile; fileRef = E571433525AEFCC5000D58B4 /* YDLeftImageTableViewCell.swift */; };
		E571433D25AEFCC5000D58B4 /* YDBottomView.swift in Sources */ = {isa = PBXBuildFile; fileRef = E571433625AEFCC5000D58B4 /* YDBottomView.swift */; };
		E571433E25AEFCC5000D58B4 /* YDLeftImageTableViewCell.xib in Resources */ = {isa = PBXBuildFile; fileRef = E571433725AEFCC5000D58B4 /* YDLeftImageTableViewCell.xib */; };
		E571433F25AEFCC5000D58B4 /* YDMultiImageTableViewCell.swift in Sources */ = {isa = PBXBuildFile; fileRef = E571433825AEFCC5000D58B4 /* YDMultiImageTableViewCell.swift */; };
		E571434025AEFCC5000D58B4 /* YDMultilImageView.swift in Sources */ = {isa = PBXBuildFile; fileRef = E571433925AEFCC5000D58B4 /* YDMultilImageView.swift */; };
		E571434125AEFCC5000D58B4 /* YDImageContentView.xib in Resources */ = {isa = PBXBuildFile; fileRef = E571433A25AEFCC5000D58B4 /* YDImageContentView.xib */; };
		E571434225AEFCC5000D58B4 /* YDImageContentView.swift in Sources */ = {isa = PBXBuildFile; fileRef = E571433B25AEFCC5000D58B4 /* YDImageContentView.swift */; };
		E571434825AEFD29000D58B4 /* YDReqModel.swift in Sources */ = {isa = PBXBuildFile; fileRef = E571434625AEFD29000D58B4 /* YDReqModel.swift */; };
		E571434925AEFD29000D58B4 /* YDContentModel.swift in Sources */ = {isa = PBXBuildFile; fileRef = E571434725AEFD29000D58B4 /* YDContentModel.swift */; };
		E571434D25AEFD8E000D58B4 /* InformationTableViewController.swift in Sources */ = {isa = PBXBuildFile; fileRef = E571434C25AEFD8E000D58B4 /* InformationTableViewController.swift */; };
		E571435025AFD9C2000D58B4 /* YDInfoShortListViewController.swift in Sources */ = {isa = PBXBuildFile; fileRef = E571434F25AFD9C1000D58B4 /* YDInfoShortListViewController.swift */; };
		E571435325AFE15D000D58B4 /* LoadMoreDataProtocol.swift in Sources */ = {isa = PBXBuildFile; fileRef = E571435225AFE15D000D58B4 /* LoadMoreDataProtocol.swift */; };
		E571435725AFE8C7000D58B4 /* InfoShortVideoCollectionViewCell.swift in Sources */ = {isa = PBXBuildFile; fileRef = E571435525AFE8C7000D58B4 /* InfoShortVideoCollectionViewCell.swift */; };
		E571435825AFE8C7000D58B4 /* InfoShortVideoCollectionViewCell.xib in Resources */ = {isa = PBXBuildFile; fileRef = E571435625AFE8C7000D58B4 /* InfoShortVideoCollectionViewCell.xib */; };
		E571435B25B03724000D58B4 /* ECAppConfigure.swift in Sources */ = {isa = PBXBuildFile; fileRef = E571435A25B03724000D58B4 /* ECAppConfigure.swift */; };
		E571437325B03CBA000D58B4 /* UIViewController+ECExtension.swift in Sources */ = {isa = PBXBuildFile; fileRef = E571437225B03CBA000D58B4 /* UIViewController+ECExtension.swift */; };
		E571437625B04A99000D58B4 /* YDWebViewController.swift in Sources */ = {isa = PBXBuildFile; fileRef = E571437525B04A99000D58B4 /* YDWebViewController.swift */; };
		E5F22418259318F60084DD69 /* UIDevice-iphoneX.swift in Sources */ = {isa = PBXBuildFile; fileRef = E5F22411259317B80084DD69 /* UIDevice-iphoneX.swift */; };
		E5F22447259431BA0084DD69 /* YDBaseModel.swift in Sources */ = {isa = PBXBuildFile; fileRef = E5F22446259431BA0084DD69 /* YDBaseModel.swift */; };
		E5F2244A2594327F0084DD69 /* YDChannelModel.swift in Sources */ = {isa = PBXBuildFile; fileRef = E5F224492594327F0084DD69 /* YDChannelModel.swift */; };
		E5F2244D259433AB0084DD69 /* YDResourceModel.swift in Sources */ = {isa = PBXBuildFile; fileRef = E5F2244C259433AB0084DD69 /* YDResourceModel.swift */; };
		E5F22450259433FC0084DD69 /* YDImageModel.swift in Sources */ = {isa = PBXBuildFile; fileRef = E5F2244F259433FC0084DD69 /* YDImageModel.swift */; };
		E5F224532594347B0084DD69 /* YDPosterCountModel.swift in Sources */ = {isa = PBXBuildFile; fileRef = E5F224522594347B0084DD69 /* YDPosterCountModel.swift */; };
		E5F2246B25948EBC0084DD69 /* YDCountModel.swift in Sources */ = {isa = PBXBuildFile; fileRef = E5F2246A25948EBC0084DD69 /* YDCountModel.swift */; };
		E5F2246E25948FDE0084DD69 /* YDMultipleModel.swift in Sources */ = {isa = PBXBuildFile; fileRef = E5F2246D25948FDE0084DD69 /* YDMultipleModel.swift */; };
		E5F41885250A7F300024C6D1 /* YDInterfaceDef.swift in Sources */ = {isa = PBXBuildFile; fileRef = E5F41884250A7F300024C6D1 /* YDInterfaceDef.swift */; };
		E5F41887250B557F0024C6D1 /* MacroDefine.swift in Sources */ = {isa = PBXBuildFile; fileRef = E5F41886250B557F0024C6D1 /* MacroDefine.swift */; };
		E5F72B3925BE9F01009C6FBF /* YDTopicViewController.swift in Sources */ = {isa = PBXBuildFile; fileRef = E5F72B3825BE9F01009C6FBF /* YDTopicViewController.swift */; };
		E5F72B3D25BEA022009C6FBF /* YDMomentTableViewCell.swift in Sources */ = {isa = PBXBuildFile; fileRef = E5F72B3C25BEA022009C6FBF /* YDMomentTableViewCell.swift */; };
		E5F72B4225BEA4E4009C6FBF /* MomentPresenter.swift in Sources */ = {isa = PBXBuildFile; fileRef = E5F72B4125BEA4E4009C6FBF /* MomentPresenter.swift */; };
		E5F72B4625BEAFB1009C6FBF /* Data.plist in Resources */ = {isa = PBXBuildFile; fileRef = E5F72B4525BEAFB0009C6FBF /* Data.plist */; };
/* End PBXBuildFile section */

/* Begin PBXFileReference section */
		46C49A60B138ADF331E1BB46 /* Pods-TodayNews.release.xcconfig */ = {isa = PBXFileReference; includeInIndex = 1; lastKnownFileType = text.xcconfig; name = "Pods-TodayNews.release.xcconfig"; path = "Target Support Files/Pods-TodayNews/Pods-TodayNews.release.xcconfig"; sourceTree = "<group>"; };
		9A8C2F22EC64078A2EA0E74A /* Pods-TodayNews.debug.xcconfig */ = {isa = PBXFileReference; includeInIndex = 1; lastKnownFileType = text.xcconfig; name = "Pods-TodayNews.debug.xcconfig"; path = "Target Support Files/Pods-TodayNews/Pods-TodayNews.debug.xcconfig"; sourceTree = "<group>"; };
		BBF4E4B4446E1131BDFFBF07 /* Pods_TodayNews.framework */ = {isa = PBXFileReference; explicitFileType = wrapper.framework; includeInIndex = 0; path = Pods_TodayNews.framework; sourceTree = BUILT_PRODUCTS_DIR; };
		E538680B26004AF30060D719 /* ZXYWebView.swift */ = {isa = PBXFileReference; fileEncoding = 4; lastKnownFileType = sourcecode.swift; path = ZXYWebView.swift; sourceTree = "<group>"; };
		E538680C26004AF30060D719 /* ZXYWebViewPool.swift */ = {isa = PBXFileReference; fileEncoding = 4; lastKnownFileType = sourcecode.swift; path = ZXYWebViewPool.swift; sourceTree = "<group>"; };
		E538680D26004AF30060D719 /* ZXYWebEntity.swift */ = {isa = PBXFileReference; fileEncoding = 4; lastKnownFileType = sourcecode.swift; path = ZXYWebEntity.swift; sourceTree = "<group>"; };
		E538680E26004AF30060D719 /* ZXYWebNavigationBar.swift */ = {isa = PBXFileReference; fileEncoding = 4; lastKnownFileType = sourcecode.swift; path = ZXYWebNavigationBar.swift; sourceTree = "<group>"; };
		E538680F26004AF30060D719 /* ZXYWebViewHandle.swift */ = {isa = PBXFileReference; fileEncoding = 4; lastKnownFileType = sourcecode.swift; path = ZXYWebViewHandle.swift; sourceTree = "<group>"; };
		E538681126004AF30060D719 /* dealerNews.html */ = {isa = PBXFileReference; fileEncoding = 4; lastKnownFileType = text.html; path = dealerNews.html; sourceTree = "<group>"; };
		E538681226004AF30060D719 /* industryNews.html */ = {isa = PBXFileReference; fileEncoding = 4; lastKnownFileType = text.html; path = industryNews.html; sourceTree = "<group>"; };
		E538681426004AF30060D719 /* gray_stars.png */ = {isa = PBXFileReference; lastKnownFileType = image.png; path = gray_stars.png; sourceTree = "<group>"; };
		E538681526004AF30060D719 /* finger_down.png */ = {isa = PBXFileReference; lastKnownFileType = image.png; path = finger_down.png; sourceTree = "<group>"; };
		E538681626004AF30060D719 /* gold_stars.png */ = {isa = PBXFileReference; lastKnownFileType = image.png; path = gold_stars.png; sourceTree = "<group>"; };
		E538681726004AF30060D719 /* left_arrow.png */ = {isa = PBXFileReference; lastKnownFileType = image.png; path = left_arrow.png; sourceTree = "<group>"; };
		E538681826004AF30060D719 /* triangle.png */ = {isa = PBXFileReference; lastKnownFileType = image.png; path = triangle.png; sourceTree = "<group>"; };
		E538681926004AF30060D719 /* finger_up.png */ = {isa = PBXFileReference; lastKnownFileType = image.png; path = finger_up.png; sourceTree = "<group>"; };
		E538681A26004AF30060D719 /* play1.png */ = {isa = PBXFileReference; lastKnownFileType = image.png; path = play1.png; sourceTree = "<group>"; };
		E538681B26004AF30060D719 /* parse.png */ = {isa = PBXFileReference; lastKnownFileType = image.png; path = parse.png; sourceTree = "<group>"; };
		E538681C26004AF30060D719 /* play2.png */ = {isa = PBXFileReference; lastKnownFileType = image.png; path = play2.png; sourceTree = "<group>"; };
		E538681E26004AF30060D719 /* newsDetails.css */ = {isa = PBXFileReference; fileEncoding = 4; lastKnownFileType = text.css; path = newsDetails.css; sourceTree = "<group>"; };
		E538681F26004AF30060D719 /* public.css */ = {isa = PBXFileReference; fileEncoding = 4; lastKnownFileType = text.css; path = public.css; sourceTree = "<group>"; };
		E538682026004AF30060D719 /* previewImage.css */ = {isa = PBXFileReference; fileEncoding = 4; lastKnownFileType = text.css; path = previewImage.css; sourceTree = "<group>"; };
		E538682126004AF30060D719 /* mui.min.css */ = {isa = PBXFileReference; fileEncoding = 4; lastKnownFileType = text.css; path = mui.min.css; sourceTree = "<group>"; };
		E538682226004AF30060D719 /* ShareHeader.css */ = {isa = PBXFileReference; fileEncoding = 4; lastKnownFileType = text.css; path = ShareHeader.css; sourceTree = "<group>"; };
		E538682326004AF30060D719 /* introduction.css */ = {isa = PBXFileReference; fileEncoding = 4; lastKnownFileType = text.css; path = introduction.css; sourceTree = "<group>"; };
		E538682426004AF30060D719 /* ibPolicy.html */ = {isa = PBXFileReference; fileEncoding = 4; lastKnownFileType = text.html; path = ibPolicy.html; sourceTree = "<group>"; };
		E538682526004AF30060D719 /* banner.html */ = {isa = PBXFileReference; fileEncoding = 4; lastKnownFileType = text.html; path = banner.html; sourceTree = "<group>"; };
		E538682826004AF30060D719 /* ibPolicy.js */ = {isa = PBXFileReference; fileEncoding = 4; lastKnownFileType = sourcecode.javascript; path = ibPolicy.js; sourceTree = "<group>"; };
		E538682926004AF30060D719 /* dealerNews.js */ = {isa = PBXFileReference; fileEncoding = 4; lastKnownFileType = sourcecode.javascript; path = dealerNews.js; sourceTree = "<group>"; };
		E538682A26004AF30060D719 /* introduction.js */ = {isa = PBXFileReference; fileEncoding = 4; lastKnownFileType = sourcecode.javascript; path = introduction.js; sourceTree = "<group>"; };
		E538682C26004AF30060D719 /* mui.previewimage.js */ = {isa = PBXFileReference; fileEncoding = 4; lastKnownFileType = sourcecode.javascript; path = mui.previewimage.js; sourceTree = "<group>"; };
		E538682D26004AF30060D719 /* public.js */ = {isa = PBXFileReference; fileEncoding = 4; lastKnownFileType = sourcecode.javascript; path = public.js; sourceTree = "<group>"; };
		E538682E26004AF30060D719 /* mui.min.js */ = {isa = PBXFileReference; fileEncoding = 4; lastKnownFileType = sourcecode.javascript; path = mui.min.js; sourceTree = "<group>"; };
		E538682F26004AF30060D719 /* mui.zoom.js */ = {isa = PBXFileReference; fileEncoding = 4; lastKnownFileType = sourcecode.javascript; path = mui.zoom.js; sourceTree = "<group>"; };
		E538683026004AF30060D719 /* Compatible.min.js */ = {isa = PBXFileReference; fileEncoding = 4; lastKnownFileType = sourcecode.javascript; path = Compatible.min.js; sourceTree = "<group>"; };
		E538683126004AF30060D719 /* ScreenAdaptation.js */ = {isa = PBXFileReference; fileEncoding = 4; lastKnownFileType = sourcecode.javascript; path = ScreenAdaptation.js; sourceTree = "<group>"; };
		E538683226004AF30060D719 /* layer.js */ = {isa = PBXFileReference; fileEncoding = 4; lastKnownFileType = sourcecode.javascript; path = layer.js; sourceTree = "<group>"; };
		E538683426004AF30060D719 /* banner.js */ = {isa = PBXFileReference; fileEncoding = 4; lastKnownFileType = sourcecode.javascript; path = banner.js; sourceTree = "<group>"; };
		E538683526004AF30060D719 /* industryNews.js */ = {isa = PBXFileReference; fileEncoding = 4; lastKnownFileType = sourcecode.javascript; path = industryNews.js; sourceTree = "<group>"; };
		E538683626004AF30060D719 /* Introduction.html */ = {isa = PBXFileReference; fileEncoding = 4; lastKnownFileType = text.html; path = Introduction.html; sourceTree = "<group>"; };
		E538683726004AF30060D719 /* ZXYWebViewController.swift */ = {isa = PBXFileReference; fileEncoding = 4; lastKnownFileType = sourcecode.swift; path = ZXYWebViewController.swift; sourceTree = "<group>"; };
		E538683826004AF30060D719 /* ZXYLocalWebViewController.swift */ = {isa = PBXFileReference; fileEncoding = 4; lastKnownFileType = sourcecode.swift; path = ZXYLocalWebViewController.swift; sourceTree = "<group>"; };
		E5386861260059380060D719 /* UIColor+ECColor.swift */ = {isa = PBXFileReference; lastKnownFileType = sourcecode.swift; path = "UIColor+ECColor.swift"; sourceTree = "<group>"; };
		E53868672601DFCC0060D719 /* YDOnlyWebViewController.swift */ = {isa = PBXFileReference; fileEncoding = 4; lastKnownFileType = sourcecode.swift; path = YDOnlyWebViewController.swift; sourceTree = "<group>"; };
		E55A3A682595849700B312F3 /* YDBaseTableViewController.swift */ = {isa = PBXFileReference; lastKnownFileType = sourcecode.swift; path = YDBaseTableViewController.swift; sourceTree = "<group>"; };
		E55A3A872595D9A100B312F3 /* LayoutConstraint+ECDesignable.swift */ = {isa = PBXFileReference; lastKnownFileType = sourcecode.swift; path = "LayoutConstraint+ECDesignable.swift"; sourceTree = "<group>"; };
		E55A3B382599AC6300B312F3 /* UIView+ECFrame.swift */ = {isa = PBXFileReference; lastKnownFileType = sourcecode.swift; path = "UIView+ECFrame.swift"; sourceTree = "<group>"; };
		E55A3B95259B014900B312F3 /* UIView+ECExtension.swift */ = {isa = PBXFileReference; lastKnownFileType = sourcecode.swift; path = "UIView+ECExtension.swift"; sourceTree = "<group>"; };
		E55A3BC8259DAD2F00B312F3 /* UIKit+Extension.swift */ = {isa = PBXFileReference; lastKnownFileType = sourcecode.swift; path = "UIKit+Extension.swift"; sourceTree = "<group>"; };
		E5644119250A213B0016B464 /* TodayNews.app */ = {isa = PBXFileReference; explicitFileType = wrapper.application; includeInIndex = 0; path = TodayNews.app; sourceTree = BUILT_PRODUCTS_DIR; };
		E564411C250A213B0016B464 /* AppDelegate.swift */ = {isa = PBXFileReference; lastKnownFileType = sourcecode.swift; path = AppDelegate.swift; sourceTree = "<group>"; };
		E5644125250A213D0016B464 /* Assets.xcassets */ = {isa = PBXFileReference; lastKnownFileType = folder.assetcatalog; path = Assets.xcassets; sourceTree = "<group>"; };
		E5644128250A213D0016B464 /* Base */ = {isa = PBXFileReference; lastKnownFileType = file.storyboard; name = Base; path = Base.lproj/LaunchScreen.storyboard; sourceTree = "<group>"; };
		E564412A250A213D0016B464 /* Info.plist */ = {isa = PBXFileReference; lastKnownFileType = text.plist.xml; path = Info.plist; sourceTree = "<group>"; };
		E5644133250A27910016B464 /* ECMyTabBarController.swift */ = {isa = PBXFileReference; lastKnownFileType = sourcecode.swift; path = ECMyTabBarController.swift; sourceTree = "<group>"; };
		E5644148250A2ABE0016B464 /* ECMyNavigationController.swift */ = {isa = PBXFileReference; lastKnownFileType = sourcecode.swift; path = ECMyNavigationController.swift; sourceTree = "<group>"; };
		E564414A250A2BCA0016B464 /* HomeViewController.swift */ = {isa = PBXFileReference; lastKnownFileType = sourcecode.swift; path = HomeViewController.swift; sourceTree = "<group>"; };
		E564414C250A2BDD0016B464 /* LivingViewController.swift */ = {isa = PBXFileReference; lastKnownFileType = sourcecode.swift; path = LivingViewController.swift; sourceTree = "<group>"; };
		E564414E250A2BF30016B464 /* InformationViewController.swift */ = {isa = PBXFileReference; lastKnownFileType = sourcecode.swift; path = InformationViewController.swift; sourceTree = "<group>"; };
		E5644150250A2C040016B464 /* VideoViewController.swift */ = {isa = PBXFileReference; lastKnownFileType = sourcecode.swift; path = VideoViewController.swift; sourceTree = "<group>"; };
		E5674B6E250A65F500087C6C /* HttpRequest.swift */ = {isa = PBXFileReference; lastKnownFileType = sourcecode.swift; path = HttpRequest.swift; sourceTree = "<group>"; };
		E571431A25AEED05000D58B4 /* YDBaseViewController.swift */ = {isa = PBXFileReference; lastKnownFileType = sourcecode.swift; path = YDBaseViewController.swift; sourceTree = "<group>"; };
		E571433525AEFCC5000D58B4 /* YDLeftImageTableViewCell.swift */ = {isa = PBXFileReference; fileEncoding = 4; lastKnownFileType = sourcecode.swift; path = YDLeftImageTableViewCell.swift; sourceTree = "<group>"; };
		E571433625AEFCC5000D58B4 /* YDBottomView.swift */ = {isa = PBXFileReference; fileEncoding = 4; lastKnownFileType = sourcecode.swift; path = YDBottomView.swift; sourceTree = "<group>"; };
		E571433725AEFCC5000D58B4 /* YDLeftImageTableViewCell.xib */ = {isa = PBXFileReference; fileEncoding = 4; lastKnownFileType = file.xib; path = YDLeftImageTableViewCell.xib; sourceTree = "<group>"; };
		E571433825AEFCC5000D58B4 /* YDMultiImageTableViewCell.swift */ = {isa = PBXFileReference; fileEncoding = 4; lastKnownFileType = sourcecode.swift; path = YDMultiImageTableViewCell.swift; sourceTree = "<group>"; };
		E571433925AEFCC5000D58B4 /* YDMultilImageView.swift */ = {isa = PBXFileReference; fileEncoding = 4; lastKnownFileType = sourcecode.swift; path = YDMultilImageView.swift; sourceTree = "<group>"; };
		E571433A25AEFCC5000D58B4 /* YDImageContentView.xib */ = {isa = PBXFileReference; fileEncoding = 4; lastKnownFileType = file.xib; path = YDImageContentView.xib; sourceTree = "<group>"; };
		E571433B25AEFCC5000D58B4 /* YDImageContentView.swift */ = {isa = PBXFileReference; fileEncoding = 4; lastKnownFileType = sourcecode.swift; path = YDImageContentView.swift; sourceTree = "<group>"; };
		E571434625AEFD29000D58B4 /* YDReqModel.swift */ = {isa = PBXFileReference; fileEncoding = 4; lastKnownFileType = sourcecode.swift; path = YDReqModel.swift; sourceTree = "<group>"; };
		E571434725AEFD29000D58B4 /* YDContentModel.swift */ = {isa = PBXFileReference; fileEncoding = 4; lastKnownFileType = sourcecode.swift; path = YDContentModel.swift; sourceTree = "<group>"; };
		E571434C25AEFD8E000D58B4 /* InformationTableViewController.swift */ = {isa = PBXFileReference; fileEncoding = 4; lastKnownFileType = sourcecode.swift; path = InformationTableViewController.swift; sourceTree = "<group>"; };
		E571434F25AFD9C1000D58B4 /* YDInfoShortListViewController.swift */ = {isa = PBXFileReference; lastKnownFileType = sourcecode.swift; path = YDInfoShortListViewController.swift; sourceTree = "<group>"; };
		E571435225AFE15D000D58B4 /* LoadMoreDataProtocol.swift */ = {isa = PBXFileReference; lastKnownFileType = sourcecode.swift; path = LoadMoreDataProtocol.swift; sourceTree = "<group>"; };
		E571435525AFE8C7000D58B4 /* InfoShortVideoCollectionViewCell.swift */ = {isa = PBXFileReference; lastKnownFileType = sourcecode.swift; path = InfoShortVideoCollectionViewCell.swift; sourceTree = "<group>"; };
		E571435625AFE8C7000D58B4 /* InfoShortVideoCollectionViewCell.xib */ = {isa = PBXFileReference; lastKnownFileType = file.xib; path = InfoShortVideoCollectionViewCell.xib; sourceTree = "<group>"; };
		E571435A25B03724000D58B4 /* ECAppConfigure.swift */ = {isa = PBXFileReference; lastKnownFileType = sourcecode.swift; path = ECAppConfigure.swift; sourceTree = "<group>"; };
		E571437225B03CBA000D58B4 /* UIViewController+ECExtension.swift */ = {isa = PBXFileReference; lastKnownFileType = sourcecode.swift; path = "UIViewController+ECExtension.swift"; sourceTree = "<group>"; };
		E571437525B04A99000D58B4 /* YDWebViewController.swift */ = {isa = PBXFileReference; lastKnownFileType = sourcecode.swift; path = YDWebViewController.swift; sourceTree = "<group>"; };
		E5F22411259317B80084DD69 /* UIDevice-iphoneX.swift */ = {isa = PBXFileReference; fileEncoding = 4; lastKnownFileType = sourcecode.swift; path = "UIDevice-iphoneX.swift"; sourceTree = "<group>"; };
		E5F22446259431BA0084DD69 /* YDBaseModel.swift */ = {isa = PBXFileReference; lastKnownFileType = sourcecode.swift; path = YDBaseModel.swift; sourceTree = "<group>"; };
		E5F224492594327F0084DD69 /* YDChannelModel.swift */ = {isa = PBXFileReference; lastKnownFileType = sourcecode.swift; path = YDChannelModel.swift; sourceTree = "<group>"; };
		E5F2244C259433AB0084DD69 /* YDResourceModel.swift */ = {isa = PBXFileReference; lastKnownFileType = sourcecode.swift; path = YDResourceModel.swift; sourceTree = "<group>"; };
		E5F2244F259433FC0084DD69 /* YDImageModel.swift */ = {isa = PBXFileReference; lastKnownFileType = sourcecode.swift; path = YDImageModel.swift; sourceTree = "<group>"; };
		E5F224522594347B0084DD69 /* YDPosterCountModel.swift */ = {isa = PBXFileReference; lastKnownFileType = sourcecode.swift; path = YDPosterCountModel.swift; sourceTree = "<group>"; };
		E5F2246A25948EBC0084DD69 /* YDCountModel.swift */ = {isa = PBXFileReference; lastKnownFileType = sourcecode.swift; path = YDCountModel.swift; sourceTree = "<group>"; };
		E5F2246D25948FDE0084DD69 /* YDMultipleModel.swift */ = {isa = PBXFileReference; lastKnownFileType = sourcecode.swift; path = YDMultipleModel.swift; sourceTree = "<group>"; };
		E5F41884250A7F300024C6D1 /* YDInterfaceDef.swift */ = {isa = PBXFileReference; lastKnownFileType = sourcecode.swift; path = YDInterfaceDef.swift; sourceTree = "<group>"; };
		E5F41886250B557F0024C6D1 /* MacroDefine.swift */ = {isa = PBXFileReference; lastKnownFileType = sourcecode.swift; path = MacroDefine.swift; sourceTree = "<group>"; };
		E5F72B3825BE9F01009C6FBF /* YDTopicViewController.swift */ = {isa = PBXFileReference; lastKnownFileType = sourcecode.swift; path = YDTopicViewController.swift; sourceTree = "<group>"; };
		E5F72B3C25BEA022009C6FBF /* YDMomentTableViewCell.swift */ = {isa = PBXFileReference; lastKnownFileType = sourcecode.swift; path = YDMomentTableViewCell.swift; sourceTree = "<group>"; };
		E5F72B4125BEA4E4009C6FBF /* MomentPresenter.swift */ = {isa = PBXFileReference; lastKnownFileType = sourcecode.swift; path = MomentPresenter.swift; sourceTree = "<group>"; };
		E5F72B4525BEAFB0009C6FBF /* Data.plist */ = {isa = PBXFileReference; fileEncoding = 4; lastKnownFileType = text.plist.xml; path = Data.plist; sourceTree = "<group>"; };
/* End PBXFileReference section */

/* Begin PBXFrameworksBuildPhase section */
		E5644116250A213B0016B464 /* Frameworks */ = {
			isa = PBXFrameworksBuildPhase;
			buildActionMask = 2147483647;
			files = (
				8D0BC63A0222142799448249 /* Pods_TodayNews.framework in Frameworks */,
			);
			runOnlyForDeploymentPostprocessing = 0;
		};
/* End PBXFrameworksBuildPhase section */

/* Begin PBXGroup section */
		428D6AAB5462D102C7ADB1BE /* Frameworks */ = {
			isa = PBXGroup;
			children = (
				BBF4E4B4446E1131BDFFBF07 /* Pods_TodayNews.framework */,
			);
			name = Frameworks;
			sourceTree = "<group>";
		};
		AE5286C917D998C1D02C98EA /* Pods */ = {
			isa = PBXGroup;
			children = (
				9A8C2F22EC64078A2EA0E74A /* Pods-TodayNews.debug.xcconfig */,
				46C49A60B138ADF331E1BB46 /* Pods-TodayNews.release.xcconfig */,
			);
			path = Pods;
			sourceTree = "<group>";
		};
		E538680A26004AF30060D719 /* WKWebView */ = {
			isa = PBXGroup;
			children = (
				E538680B26004AF30060D719 /* ZXYWebView.swift */,
				E538680C26004AF30060D719 /* ZXYWebViewPool.swift */,
				E538680D26004AF30060D719 /* ZXYWebEntity.swift */,
				E538680E26004AF30060D719 /* ZXYWebNavigationBar.swift */,
				E538680F26004AF30060D719 /* ZXYWebViewHandle.swift */,
				E538681026004AF30060D719 /* newsHtmlFiles */,
				E538683726004AF30060D719 /* ZXYWebViewController.swift */,
				E538683826004AF30060D719 /* ZXYLocalWebViewController.swift */,
			);
			path = WKWebView;
			sourceTree = "<group>";
		};
		E538681026004AF30060D719 /* newsHtmlFiles */ = {
			isa = PBXGroup;
			children = (
				E538681126004AF30060D719 /* dealerNews.html */,
				E538681226004AF30060D719 /* industryNews.html */,
				E538681326004AF30060D719 /* img */,
				E538681D26004AF30060D719 /* styles */,
				E538682426004AF30060D719 /* ibPolicy.html */,
				E538682526004AF30060D719 /* banner.html */,
				E538682626004AF30060D719 /* scripts */,
				E538683626004AF30060D719 /* Introduction.html */,
			);
			path = newsHtmlFiles;
			sourceTree = "<group>";
		};
		E538681326004AF30060D719 /* img */ = {
			isa = PBXGroup;
			children = (
				E538681426004AF30060D719 /* gray_stars.png */,
				E538681526004AF30060D719 /* finger_down.png */,
				E538681626004AF30060D719 /* gold_stars.png */,
				E538681726004AF30060D719 /* left_arrow.png */,
				E538681826004AF30060D719 /* triangle.png */,
				E538681926004AF30060D719 /* finger_up.png */,
				E538681A26004AF30060D719 /* play1.png */,
				E538681B26004AF30060D719 /* parse.png */,
				E538681C26004AF30060D719 /* play2.png */,
			);
			path = img;
			sourceTree = "<group>";
		};
		E538681D26004AF30060D719 /* styles */ = {
			isa = PBXGroup;
			children = (
				E538681E26004AF30060D719 /* newsDetails.css */,
				E538681F26004AF30060D719 /* public.css */,
				E538682026004AF30060D719 /* previewImage.css */,
				E538682126004AF30060D719 /* mui.min.css */,
				E538682226004AF30060D719 /* ShareHeader.css */,
				E538682326004AF30060D719 /* introduction.css */,
			);
			path = styles;
			sourceTree = "<group>";
		};
		E538682626004AF30060D719 /* scripts */ = {
			isa = PBXGroup;
			children = (
				E538682726004AF30060D719 /* broker */,
				E538682B26004AF30060D719 /* public */,
				E538683326004AF30060D719 /* news */,
			);
			path = scripts;
			sourceTree = "<group>";
		};
		E538682726004AF30060D719 /* broker */ = {
			isa = PBXGroup;
			children = (
				E538682826004AF30060D719 /* ibPolicy.js */,
				E538682926004AF30060D719 /* dealerNews.js */,
				E538682A26004AF30060D719 /* introduction.js */,
			);
			path = broker;
			sourceTree = "<group>";
		};
		E538682B26004AF30060D719 /* public */ = {
			isa = PBXGroup;
			children = (
				E538682C26004AF30060D719 /* mui.previewimage.js */,
				E538682D26004AF30060D719 /* public.js */,
				E538682E26004AF30060D719 /* mui.min.js */,
				E538682F26004AF30060D719 /* mui.zoom.js */,
				E538683026004AF30060D719 /* Compatible.min.js */,
				E538683126004AF30060D719 /* ScreenAdaptation.js */,
				E538683226004AF30060D719 /* layer.js */,
			);
			path = public;
			sourceTree = "<group>";
		};
		E538683326004AF30060D719 /* news */ = {
			isa = PBXGroup;
			children = (
				E538683426004AF30060D719 /* banner.js */,
				E538683526004AF30060D719 /* industryNews.js */,
			);
			path = news;
			sourceTree = "<group>";
		};
		E5644110250A213B0016B464 = {
			isa = PBXGroup;
			children = (
				E564411B250A213B0016B464 /* TodayNews */,
				E564411A250A213B0016B464 /* Products */,
				AE5286C917D998C1D02C98EA /* Pods */,
				428D6AAB5462D102C7ADB1BE /* Frameworks */,
			);
			sourceTree = "<group>";
		};
		E564411A250A213B0016B464 /* Products */ = {
			isa = PBXGroup;
			children = (
				E5644119250A213B0016B464 /* TodayNews.app */,
			);
			name = Products;
			sourceTree = "<group>";
		};
		E564411B250A213B0016B464 /* TodayNews */ = {
			isa = PBXGroup;
			children = (
				E5644130250A27110016B464 /* Classes */,
				E564411C250A213B0016B464 /* AppDelegate.swift */,
				E5F72B3225BE9E03009C6FBF /* Resource */,
				E5644125250A213D0016B464 /* Assets.xcassets */,
				E5644127250A213D0016B464 /* LaunchScreen.storyboard */,
				E564412A250A213D0016B464 /* Info.plist */,
			);
			path = TodayNews;
			sourceTree = "<group>";
		};
		E5644130250A27110016B464 /* Classes */ = {
			isa = PBXGroup;
			children = (
				E5F72B3025BE9DD8009C6FBF /* CircleAndTopic */,
				E5644145250A2A500016B464 /* Video */,
				E5644142250A2A320016B464 /* Information */,
				E564413F250A2A180016B464 /* Living */,
				E5644135250A28F90016B464 /* Home */,
				E5644131250A27350016B464 /* Mian */,
			);
			path = Classes;
			sourceTree = "<group>";
		};
		E5644131250A27350016B464 /* Mian */ = {
			isa = PBXGroup;
			children = (
				E5674B6D250A659A00087C6C /* Tools */,
				E5F41883250A7F0E0024C6D1 /* Other */,
				E5644132250A273C0016B464 /* Controller */,
			);
			path = Mian;
			sourceTree = "<group>";
		};
		E5644132250A273C0016B464 /* Controller */ = {
			isa = PBXGroup;
			children = (
				E5644133250A27910016B464 /* ECMyTabBarController.swift */,
				E5644148250A2ABE0016B464 /* ECMyNavigationController.swift */,
				E55A3A682595849700B312F3 /* YDBaseTableViewController.swift */,
				E571431A25AEED05000D58B4 /* YDBaseViewController.swift */,
			);
			path = Controller;
			sourceTree = "<group>";
		};
		E5644135250A28F90016B464 /* Home */ = {
			isa = PBXGroup;
			children = (
				E571434425AEFD06000D58B4 /* view */,
				E5F22435259343FC0084DD69 /* model */,
				E5644136250A29020016B464 /* controller */,
			);
			path = Home;
			sourceTree = "<group>";
		};
		E5644136250A29020016B464 /* controller */ = {
			isa = PBXGroup;
			children = (
				E564414A250A2BCA0016B464 /* HomeViewController.swift */,
				E53868672601DFCC0060D719 /* YDOnlyWebViewController.swift */,
			);
			path = controller;
			sourceTree = "<group>";
		};
		E564413F250A2A180016B464 /* Living */ = {
			isa = PBXGroup;
			children = (
				E5644141250A2A2A0016B464 /* view */,
				E5644140250A2A210016B464 /* controller */,
			);
			path = Living;
			sourceTree = "<group>";
		};
		E5644140250A2A210016B464 /* controller */ = {
			isa = PBXGroup;
			children = (
				E564414C250A2BDD0016B464 /* LivingViewController.swift */,
			);
			path = controller;
			sourceTree = "<group>";
		};
		E5644141250A2A2A0016B464 /* view */ = {
			isa = PBXGroup;
			children = (
			);
			path = view;
			sourceTree = "<group>";
		};
		E5644142250A2A320016B464 /* Information */ = {
			isa = PBXGroup;
			children = (
				E571434525AEFD29000D58B4 /* model */,
				E571433425AEFCC5000D58B4 /* view */,
				E5644143250A2A3E0016B464 /* controller */,
			);
			path = Information;
			sourceTree = "<group>";
		};
		E5644143250A2A3E0016B464 /* controller */ = {
			isa = PBXGroup;
			children = (
				E564414E250A2BF30016B464 /* InformationViewController.swift */,
				E571434C25AEFD8E000D58B4 /* InformationTableViewController.swift */,
				E571434F25AFD9C1000D58B4 /* YDInfoShortListViewController.swift */,
				E571437525B04A99000D58B4 /* YDWebViewController.swift */,
				E571435225AFE15D000D58B4 /* LoadMoreDataProtocol.swift */,
			);
			path = controller;
			sourceTree = "<group>";
		};
		E5644145250A2A500016B464 /* Video */ = {
			isa = PBXGroup;
			children = (
				E5644147250A2A6E0016B464 /* controller */,
				E5644146250A2A620016B464 /* view */,
			);
			path = Video;
			sourceTree = "<group>";
		};
		E5644146250A2A620016B464 /* view */ = {
			isa = PBXGroup;
			children = (
			);
			path = view;
			sourceTree = "<group>";
		};
		E5644147250A2A6E0016B464 /* controller */ = {
			isa = PBXGroup;
			children = (
				E5644150250A2C040016B464 /* VideoViewController.swift */,
			);
			path = controller;
			sourceTree = "<group>";
		};
		E5674B6D250A659A00087C6C /* Tools */ = {
			isa = PBXGroup;
			children = (
				E5F22440259431570084DD69 /* Model */,
				E5F224142593180F0084DD69 /* Network */,
				E5F22410259317A30084DD69 /* Extension */,
			);
			path = Tools;
			sourceTree = "<group>";
		};
		E571433425AEFCC5000D58B4 /* view */ = {
			isa = PBXGroup;
			children = (
				E571433525AEFCC5000D58B4 /* YDLeftImageTableViewCell.swift */,
				E571433625AEFCC5000D58B4 /* YDBottomView.swift */,
				E571433725AEFCC5000D58B4 /* YDLeftImageTableViewCell.xib */,
				E571433825AEFCC5000D58B4 /* YDMultiImageTableViewCell.swift */,
				E571433925AEFCC5000D58B4 /* YDMultilImageView.swift */,
				E571433A25AEFCC5000D58B4 /* YDImageContentView.xib */,
				E571433B25AEFCC5000D58B4 /* YDImageContentView.swift */,
				E571435525AFE8C7000D58B4 /* InfoShortVideoCollectionViewCell.swift */,
				E571435625AFE8C7000D58B4 /* InfoShortVideoCollectionViewCell.xib */,
			);
			path = view;
			sourceTree = "<group>";
		};
		E571434425AEFD06000D58B4 /* view */ = {
			isa = PBXGroup;
			children = (
			);
			path = view;
			sourceTree = "<group>";
		};
		E571434525AEFD29000D58B4 /* model */ = {
			isa = PBXGroup;
			children = (
				E571434625AEFD29000D58B4 /* YDReqModel.swift */,
				E571434725AEFD29000D58B4 /* YDContentModel.swift */,
			);
			path = model;
			sourceTree = "<group>";
		};
		E5F22410259317A30084DD69 /* Extension */ = {
			isa = PBXGroup;
			children = (
				E5F22411259317B80084DD69 /* UIDevice-iphoneX.swift */,
				E55A3A872595D9A100B312F3 /* LayoutConstraint+ECDesignable.swift */,
				E55A3B382599AC6300B312F3 /* UIView+ECFrame.swift */,
				E55A3B95259B014900B312F3 /* UIView+ECExtension.swift */,
				E55A3BC8259DAD2F00B312F3 /* UIKit+Extension.swift */,
				E5386861260059380060D719 /* UIColor+ECColor.swift */,
				E571437225B03CBA000D58B4 /* UIViewController+ECExtension.swift */,
			);
			path = Extension;
			sourceTree = "<group>";
		};
		E5F224142593180F0084DD69 /* Network */ = {
			isa = PBXGroup;
			children = (
				E5674B6E250A65F500087C6C /* HttpRequest.swift */,
			);
			path = Network;
			sourceTree = "<group>";
		};
		E5F22435259343FC0084DD69 /* model */ = {
			isa = PBXGroup;
			children = (
			);
			path = model;
			sourceTree = "<group>";
		};
		E5F22440259431570084DD69 /* Model */ = {
			isa = PBXGroup;
			children = (
				E5F22446259431BA0084DD69 /* YDBaseModel.swift */,
				E5F224522594347B0084DD69 /* YDPosterCountModel.swift */,
				E5F2244C259433AB0084DD69 /* YDResourceModel.swift */,
				E5F2244F259433FC0084DD69 /* YDImageModel.swift */,
				E5F224492594327F0084DD69 /* YDChannelModel.swift */,
				E5F2246A25948EBC0084DD69 /* YDCountModel.swift */,
				E5F2246D25948FDE0084DD69 /* YDMultipleModel.swift */,
			);
			path = Model;
			sourceTree = "<group>";
		};
		E5F41883250A7F0E0024C6D1 /* Other */ = {
			isa = PBXGroup;
			children = (
				E538680A26004AF30060D719 /* WKWebView */,
				E5F41884250A7F300024C6D1 /* YDInterfaceDef.swift */,
				E5F41886250B557F0024C6D1 /* MacroDefine.swift */,
				E571435A25B03724000D58B4 /* ECAppConfigure.swift */,
			);
			path = Other;
			sourceTree = "<group>";
		};
		E5F72B3025BE9DD8009C6FBF /* CircleAndTopic */ = {
			isa = PBXGroup;
			children = (
				E5F72B4025BEA4BB009C6FBF /* Model */,
				E5F72B3B25BE9FB6009C6FBF /* view */,
				E5F72B3125BE9DE4009C6FBF /* controller */,
			);
			path = CircleAndTopic;
			sourceTree = "<group>";
		};
		E5F72B3125BE9DE4009C6FBF /* controller */ = {
			isa = PBXGroup;
			children = (
				E5F72B3825BE9F01009C6FBF /* YDTopicViewController.swift */,
			);
			path = controller;
			sourceTree = "<group>";
		};
		E5F72B3225BE9E03009C6FBF /* Resource */ = {
			isa = PBXGroup;
			children = (
				E5F72B4525BEAFB0009C6FBF /* Data.plist */,
			);
			path = Resource;
			sourceTree = "<group>";
		};
		E5F72B3B25BE9FB6009C6FBF /* view */ = {
			isa = PBXGroup;
			children = (
				E5F72B3C25BEA022009C6FBF /* YDMomentTableViewCell.swift */,
			);
			path = view;
			sourceTree = "<group>";
		};
		E5F72B4025BEA4BB009C6FBF /* Model */ = {
			isa = PBXGroup;
			children = (
				E5F72B4125BEA4E4009C6FBF /* MomentPresenter.swift */,
			);
			path = Model;
			sourceTree = "<group>";
		};
/* End PBXGroup section */

/* Begin PBXNativeTarget section */
		E5644118250A213B0016B464 /* TodayNews */ = {
			isa = PBXNativeTarget;
			buildConfigurationList = E564412D250A213D0016B464 /* Build configuration list for PBXNativeTarget "TodayNews" */;
			buildPhases = (
				ACC3B1D1DE853554EA47F70E /* [CP] Check Pods Manifest.lock */,
				E5644115250A213B0016B464 /* Sources */,
				E5644116250A213B0016B464 /* Frameworks */,
				E5644117250A213B0016B464 /* Resources */,
				D530BD6077EEEF3955EFF56E /* [CP] Embed Pods Frameworks */,
			);
			buildRules = (
			);
			dependencies = (
			);
			name = TodayNews;
			productName = TodayNews;
			productReference = E5644119250A213B0016B464 /* TodayNews.app */;
			productType = "com.apple.product-type.application";
		};
/* End PBXNativeTarget section */

/* Begin PBXProject section */
		E5644111250A213B0016B464 /* Project object */ = {
			isa = PBXProject;
			attributes = {
				LastSwiftUpdateCheck = 1160;
				LastUpgradeCheck = 1160;
				ORGANIZATIONNAME = chao;
				TargetAttributes = {
					E5644118250A213B0016B464 = {
						CreatedOnToolsVersion = 11.6;
						LastSwiftMigration = 1230;
					};
				};
			};
			buildConfigurationList = E5644114250A213B0016B464 /* Build configuration list for PBXProject "TodayNews" */;
			compatibilityVersion = "Xcode 9.3";
			developmentRegion = en;
			hasScannedForEncodings = 0;
			knownRegions = (
				en,
				Base,
			);
			mainGroup = E5644110250A213B0016B464;
			productRefGroup = E564411A250A213B0016B464 /* Products */;
			projectDirPath = "";
			projectRoot = "";
			targets = (
				E5644118250A213B0016B464 /* TodayNews */,
			);
		};
/* End PBXProject section */

/* Begin PBXResourcesBuildPhase section */
		E5644117250A213B0016B464 /* Resources */ = {
			isa = PBXResourcesBuildPhase;
			buildActionMask = 2147483647;
			files = (
				E5F72B4625BEAFB1009C6FBF /* Data.plist in Resources */,
				E538684C26004AF30060D719 /* mui.min.css in Resources */,
				E538684D26004AF30060D719 /* ShareHeader.css in Resources */,
				E538684F26004AF30060D719 /* ibPolicy.html in Resources */,
				E538685326004AF30060D719 /* introduction.js in Resources */,
				E538684926004AF30060D719 /* newsDetails.css in Resources */,
				E5644129250A213D0016B464 /* LaunchScreen.storyboard in Resources */,
				E538685026004AF30060D719 /* banner.html in Resources */,
				E571434125AEFCC5000D58B4 /* YDImageContentView.xib in Resources */,
				E538683F26004AF30060D719 /* industryNews.html in Resources */,
				E538685426004AF30060D719 /* mui.previewimage.js in Resources */,
				E538684126004AF30060D719 /* finger_down.png in Resources */,
				E538685D26004AF30060D719 /* Introduction.html in Resources */,
				E571435825AFE8C7000D58B4 /* InfoShortVideoCollectionViewCell.xib in Resources */,
				E538684326004AF30060D719 /* left_arrow.png in Resources */,
				E538684B26004AF30060D719 /* previewImage.css in Resources */,
				E538684726004AF30060D719 /* parse.png in Resources */,
				E538684026004AF30060D719 /* gray_stars.png in Resources */,
				E538685126004AF30060D719 /* ibPolicy.js in Resources */,
				E538685B26004AF30060D719 /* banner.js in Resources */,
				E538684426004AF30060D719 /* triangle.png in Resources */,
				E538685926004AF30060D719 /* ScreenAdaptation.js in Resources */,
				E538684E26004AF30060D719 /* introduction.css in Resources */,
				E538685726004AF30060D719 /* mui.zoom.js in Resources */,
				E538685C26004AF30060D719 /* industryNews.js in Resources */,
				E538685626004AF30060D719 /* mui.min.js in Resources */,
				E538684526004AF30060D719 /* finger_up.png in Resources */,
				E538685A26004AF30060D719 /* layer.js in Resources */,
				E538684226004AF30060D719 /* gold_stars.png in Resources */,
				E538684626004AF30060D719 /* play1.png in Resources */,
				E538684A26004AF30060D719 /* public.css in Resources */,
				E538684826004AF30060D719 /* play2.png in Resources */,
				E538685526004AF30060D719 /* public.js in Resources */,
				E5644126250A213D0016B464 /* Assets.xcassets in Resources */,
				E538685226004AF30060D719 /* dealerNews.js in Resources */,
				E571433E25AEFCC5000D58B4 /* YDLeftImageTableViewCell.xib in Resources */,
				E538685826004AF30060D719 /* Compatible.min.js in Resources */,
				E538683E26004AF30060D719 /* dealerNews.html in Resources */,
			);
			runOnlyForDeploymentPostprocessing = 0;
		};
/* End PBXResourcesBuildPhase section */

/* Begin PBXShellScriptBuildPhase section */
		ACC3B1D1DE853554EA47F70E /* [CP] Check Pods Manifest.lock */ = {
			isa = PBXShellScriptBuildPhase;
			buildActionMask = 2147483647;
			files = (
			);
			inputFileListPaths = (
			);
			inputPaths = (
				"${PODS_PODFILE_DIR_PATH}/Podfile.lock",
				"${PODS_ROOT}/Manifest.lock",
			);
			name = "[CP] Check Pods Manifest.lock";
			outputFileListPaths = (
			);
			outputPaths = (
				"$(DERIVED_FILE_DIR)/Pods-TodayNews-checkManifestLockResult.txt",
			);
			runOnlyForDeploymentPostprocessing = 0;
			shellPath = /bin/sh;
			shellScript = "diff \"${PODS_PODFILE_DIR_PATH}/Podfile.lock\" \"${PODS_ROOT}/Manifest.lock\" > /dev/null\nif [ $? != 0 ] ; then\n    # print error to STDERR\n    echo \"error: The sandbox is not in sync with the Podfile.lock. Run 'pod install' or update your CocoaPods installation.\" >&2\n    exit 1\nfi\n# This output is used by Xcode 'outputs' to avoid re-running this script phase.\necho \"SUCCESS\" > \"${SCRIPT_OUTPUT_FILE_0}\"\n";
			showEnvVarsInLog = 0;
		};
		D530BD6077EEEF3955EFF56E /* [CP] Embed Pods Frameworks */ = {
			isa = PBXShellScriptBuildPhase;
			buildActionMask = 2147483647;
			files = (
			);
			inputFileListPaths = (
				"${PODS_ROOT}/Target Support Files/Pods-TodayNews/Pods-TodayNews-frameworks-${CONFIGURATION}-input-files.xcfilelist",
			);
			name = "[CP] Embed Pods Frameworks";
			outputFileListPaths = (
				"${PODS_ROOT}/Target Support Files/Pods-TodayNews/Pods-TodayNews-frameworks-${CONFIGURATION}-output-files.xcfilelist",
			);
			runOnlyForDeploymentPostprocessing = 0;
			shellPath = /bin/sh;
			shellScript = "\"${PODS_ROOT}/Target Support Files/Pods-TodayNews/Pods-TodayNews-frameworks.sh\"\n";
			showEnvVarsInLog = 0;
		};
/* End PBXShellScriptBuildPhase section */

/* Begin PBXSourcesBuildPhase section */
		E5644115250A213B0016B464 /* Sources */ = {
			isa = PBXSourcesBuildPhase;
			buildActionMask = 2147483647;
			files = (
				E571434025AEFCC5000D58B4 /* YDMultilImageView.swift in Sources */,
				E571434825AEFD29000D58B4 /* YDReqModel.swift in Sources */,
				E5F2244D259433AB0084DD69 /* YDResourceModel.swift in Sources */,
				E5644149250A2ABE0016B464 /* ECMyNavigationController.swift in Sources */,
				E5F2246E25948FDE0084DD69 /* YDMultipleModel.swift in Sources */,
				E5644151250A2C040016B464 /* VideoViewController.swift in Sources */,
				E571435325AFE15D000D58B4 /* LoadMoreDataProtocol.swift in Sources */,
				E5F72B3925BE9F01009C6FBF /* YDTopicViewController.swift in Sources */,
				E55A3A692595849700B312F3 /* YDBaseTableViewController.swift in Sources */,
				E571437625B04A99000D58B4 /* YDWebViewController.swift in Sources */,
				E571435025AFD9C2000D58B4 /* YDInfoShortListViewController.swift in Sources */,
				E55A3BC9259DAD2F00B312F3 /* UIKit+Extension.swift in Sources */,
				E564411D250A213B0016B464 /* AppDelegate.swift in Sources */,
				E571437325B03CBA000D58B4 /* UIViewController+ECExtension.swift in Sources */,
				E564414D250A2BDD0016B464 /* LivingViewController.swift in Sources */,
				E5F22447259431BA0084DD69 /* YDBaseModel.swift in Sources */,
				E571433D25AEFCC5000D58B4 /* YDBottomView.swift in Sources */,
				E571435725AFE8C7000D58B4 /* InfoShortVideoCollectionViewCell.swift in Sources */,
				E571434D25AEFD8E000D58B4 /* InformationTableViewController.swift in Sources */,
				E538683D26004AF30060D719 /* ZXYWebViewHandle.swift in Sources */,
				E538683A26004AF30060D719 /* ZXYWebViewPool.swift in Sources */,
				E571431B25AEED05000D58B4 /* YDBaseViewController.swift in Sources */,
				E5F2246B25948EBC0084DD69 /* YDCountModel.swift in Sources */,
				E5F72B4225BEA4E4009C6FBF /* MomentPresenter.swift in Sources */,
				E571435B25B03724000D58B4 /* ECAppConfigure.swift in Sources */,
				E5F72B3D25BEA022009C6FBF /* YDMomentTableViewCell.swift in Sources */,
				E5674B6F250A65F500087C6C /* HttpRequest.swift in Sources */,
				E55A3B96259B014900B312F3 /* UIView+ECExtension.swift in Sources */,
				E571433C25AEFCC5000D58B4 /* YDLeftImageTableViewCell.swift in Sources */,
				E571434225AEFCC5000D58B4 /* YDImageContentView.swift in Sources */,
				E571433F25AEFCC5000D58B4 /* YDMultiImageTableViewCell.swift in Sources */,
				E538683926004AF30060D719 /* ZXYWebView.swift in Sources */,
				E5F41885250A7F300024C6D1 /* YDInterfaceDef.swift in Sources */,
				E5F2244A2594327F0084DD69 /* YDChannelModel.swift in Sources */,
				E5644134250A27910016B464 /* ECMyTabBarController.swift in Sources */,
				E5F224532594347B0084DD69 /* YDPosterCountModel.swift in Sources */,
				E55A3B392599AC6300B312F3 /* UIView+ECFrame.swift in Sources */,
				E538685E26004AF30060D719 /* ZXYWebViewController.swift in Sources */,
				E538683C26004AF30060D719 /* ZXYWebNavigationBar.swift in Sources */,
				E55A3A882595D9A100B312F3 /* LayoutConstraint+ECDesignable.swift in Sources */,
				E564414B250A2BCA0016B464 /* HomeViewController.swift in Sources */,
				E564414F250A2BF30016B464 /* InformationViewController.swift in Sources */,
				E5F41887250B557F0024C6D1 /* MacroDefine.swift in Sources */,
				E5F22450259433FC0084DD69 /* YDImageModel.swift in Sources */,
				E5F22418259318F60084DD69 /* UIDevice-iphoneX.swift in Sources */,
				E53868682601DFCC0060D719 /* YDOnlyWebViewController.swift in Sources */,
				E538685F26004AF30060D719 /* ZXYLocalWebViewController.swift in Sources */,
				E5386862260059390060D719 /* UIColor+ECColor.swift in Sources */,
				E571434925AEFD29000D58B4 /* YDContentModel.swift in Sources */,
				E538683B26004AF30060D719 /* ZXYWebEntity.swift in Sources */,
			);
			runOnlyForDeploymentPostprocessing = 0;
		};
/* End PBXSourcesBuildPhase section */

/* Begin PBXVariantGroup section */
		E5644127250A213D0016B464 /* LaunchScreen.storyboard */ = {
			isa = PBXVariantGroup;
			children = (
				E5644128250A213D0016B464 /* Base */,
			);
			name = LaunchScreen.storyboard;
			sourceTree = "<group>";
		};
/* End PBXVariantGroup section */

/* Begin XCBuildConfiguration section */
		E564412B250A213D0016B464 /* Debug */ = {
			isa = XCBuildConfiguration;
			buildSettings = {
				ALWAYS_SEARCH_USER_PATHS = NO;
				CLANG_ANALYZER_NONNULL = YES;
				CLANG_ANALYZER_NUMBER_OBJECT_CONVERSION = YES_AGGRESSIVE;
				CLANG_CXX_LANGUAGE_STANDARD = "gnu++14";
				CLANG_CXX_LIBRARY = "libc++";
				CLANG_ENABLE_MODULES = YES;
				CLANG_ENABLE_OBJC_ARC = YES;
				CLANG_ENABLE_OBJC_WEAK = YES;
				CLANG_WARN_BLOCK_CAPTURE_AUTORELEASING = YES;
				CLANG_WARN_BOOL_CONVERSION = YES;
				CLANG_WARN_COMMA = YES;
				CLANG_WARN_CONSTANT_CONVERSION = YES;
				CLANG_WARN_DEPRECATED_OBJC_IMPLEMENTATIONS = YES;
				CLANG_WARN_DIRECT_OBJC_ISA_USAGE = YES_ERROR;
				CLANG_WARN_DOCUMENTATION_COMMENTS = YES;
				CLANG_WARN_EMPTY_BODY = YES;
				CLANG_WARN_ENUM_CONVERSION = YES;
				CLANG_WARN_INFINITE_RECURSION = YES;
				CLANG_WARN_INT_CONVERSION = YES;
				CLANG_WARN_NON_LITERAL_NULL_CONVERSION = YES;
				CLANG_WARN_OBJC_IMPLICIT_RETAIN_SELF = YES;
				CLANG_WARN_OBJC_LITERAL_CONVERSION = YES;
				CLANG_WARN_OBJC_ROOT_CLASS = YES_ERROR;
				CLANG_WARN_RANGE_LOOP_ANALYSIS = YES;
				CLANG_WARN_STRICT_PROTOTYPES = YES;
				CLANG_WARN_SUSPICIOUS_MOVE = YES;
				CLANG_WARN_UNGUARDED_AVAILABILITY = YES_AGGRESSIVE;
				CLANG_WARN_UNREACHABLE_CODE = YES;
				CLANG_WARN__DUPLICATE_METHOD_MATCH = YES;
				COPY_PHASE_STRIP = NO;
				DEBUG_INFORMATION_FORMAT = dwarf;
				ENABLE_STRICT_OBJC_MSGSEND = YES;
				ENABLE_TESTABILITY = YES;
				GCC_C_LANGUAGE_STANDARD = gnu11;
				GCC_DYNAMIC_NO_PIC = NO;
				GCC_NO_COMMON_BLOCKS = YES;
				GCC_OPTIMIZATION_LEVEL = 0;
				GCC_PREPROCESSOR_DEFINITIONS = (
					"DEBUG=1",
					"$(inherited)",
				);
				GCC_WARN_64_TO_32_BIT_CONVERSION = YES;
				GCC_WARN_ABOUT_RETURN_TYPE = YES_ERROR;
				GCC_WARN_UNDECLARED_SELECTOR = YES;
				GCC_WARN_UNINITIALIZED_AUTOS = YES_AGGRESSIVE;
				GCC_WARN_UNUSED_FUNCTION = YES;
				GCC_WARN_UNUSED_VARIABLE = YES;
				IPHONEOS_DEPLOYMENT_TARGET = 10.0;
				MTL_ENABLE_DEBUG_INFO = INCLUDE_SOURCE;
				MTL_FAST_MATH = YES;
				ONLY_ACTIVE_ARCH = YES;
				SDKROOT = iphoneos;
				SWIFT_ACTIVE_COMPILATION_CONDITIONS = DEBUG;
				SWIFT_OPTIMIZATION_LEVEL = "-Onone";
			};
			name = Debug;
		};
		E564412C250A213D0016B464 /* Release */ = {
			isa = XCBuildConfiguration;
			buildSettings = {
				ALWAYS_SEARCH_USER_PATHS = NO;
				CLANG_ANALYZER_NONNULL = YES;
				CLANG_ANALYZER_NUMBER_OBJECT_CONVERSION = YES_AGGRESSIVE;
				CLANG_CXX_LANGUAGE_STANDARD = "gnu++14";
				CLANG_CXX_LIBRARY = "libc++";
				CLANG_ENABLE_MODULES = YES;
				CLANG_ENABLE_OBJC_ARC = YES;
				CLANG_ENABLE_OBJC_WEAK = YES;
				CLANG_WARN_BLOCK_CAPTURE_AUTORELEASING = YES;
				CLANG_WARN_BOOL_CONVERSION = YES;
				CLANG_WARN_COMMA = YES;
				CLANG_WARN_CONSTANT_CONVERSION = YES;
				CLANG_WARN_DEPRECATED_OBJC_IMPLEMENTATIONS = YES;
				CLANG_WARN_DIRECT_OBJC_ISA_USAGE = YES_ERROR;
				CLANG_WARN_DOCUMENTATION_COMMENTS = YES;
				CLANG_WARN_EMPTY_BODY = YES;
				CLANG_WARN_ENUM_CONVERSION = YES;
				CLANG_WARN_INFINITE_RECURSION = YES;
				CLANG_WARN_INT_CONVERSION = YES;
				CLANG_WARN_NON_LITERAL_NULL_CONVERSION = YES;
				CLANG_WARN_OBJC_IMPLICIT_RETAIN_SELF = YES;
				CLANG_WARN_OBJC_LITERAL_CONVERSION = YES;
				CLANG_WARN_OBJC_ROOT_CLASS = YES_ERROR;
				CLANG_WARN_RANGE_LOOP_ANALYSIS = YES;
				CLANG_WARN_STRICT_PROTOTYPES = YES;
				CLANG_WARN_SUSPICIOUS_MOVE = YES;
				CLANG_WARN_UNGUARDED_AVAILABILITY = YES_AGGRESSIVE;
				CLANG_WARN_UNREACHABLE_CODE = YES;
				CLANG_WARN__DUPLICATE_METHOD_MATCH = YES;
				COPY_PHASE_STRIP = NO;
				DEBUG_INFORMATION_FORMAT = "dwarf-with-dsym";
				ENABLE_NS_ASSERTIONS = NO;
				ENABLE_STRICT_OBJC_MSGSEND = YES;
				GCC_C_LANGUAGE_STANDARD = gnu11;
				GCC_NO_COMMON_BLOCKS = YES;
				GCC_WARN_64_TO_32_BIT_CONVERSION = YES;
				GCC_WARN_ABOUT_RETURN_TYPE = YES_ERROR;
				GCC_WARN_UNDECLARED_SELECTOR = YES;
				GCC_WARN_UNINITIALIZED_AUTOS = YES_AGGRESSIVE;
				GCC_WARN_UNUSED_FUNCTION = YES;
				GCC_WARN_UNUSED_VARIABLE = YES;
				IPHONEOS_DEPLOYMENT_TARGET = 10.0;
				MTL_ENABLE_DEBUG_INFO = NO;
				MTL_FAST_MATH = YES;
				SDKROOT = iphoneos;
				SWIFT_COMPILATION_MODE = wholemodule;
				SWIFT_OPTIMIZATION_LEVEL = "-O";
				VALIDATE_PRODUCT = YES;
			};
			name = Release;
		};
		E564412E250A213D0016B464 /* Debug */ = {
			isa = XCBuildConfiguration;
			baseConfigurationReference = 9A8C2F22EC64078A2EA0E74A /* Pods-TodayNews.debug.xcconfig */;
			buildSettings = {
				ARCHS = "$(ARCHS_STANDARD)";
				ASSETCATALOG_COMPILER_APPICON_NAME = AppIcon;
				CLANG_ENABLE_MODULES = YES;
				CODE_SIGN_STYLE = Automatic;
				DEVELOPMENT_TEAM = JEAGCUN8WT;
				INFOPLIST_FILE = TodayNews/Info.plist;
				LD_RUNPATH_SEARCH_PATHS = (
					"$(inherited)",
					"@executable_path/Frameworks",
				);
				PRODUCT_BUNDLE_IDENTIFIER = com.wdit;
				PRODUCT_NAME = "$(TARGET_NAME)";
				SWIFT_OPTIMIZATION_LEVEL = "-Onone";
				SWIFT_VERSION = 5.0;
				TARGETED_DEVICE_FAMILY = "1,2";
			};
			name = Debug;
		};
		E564412F250A213D0016B464 /* Release */ = {
			isa = XCBuildConfiguration;
			baseConfigurationReference = 46C49A60B138ADF331E1BB46 /* Pods-TodayNews.release.xcconfig */;
			buildSettings = {
				ASSETCATALOG_COMPILER_APPICON_NAME = AppIcon;
				CLANG_ENABLE_MODULES = YES;
				CODE_SIGN_STYLE = Automatic;
				DEVELOPMENT_TEAM = JEAGCUN8WT;
				INFOPLIST_FILE = TodayNews/Info.plist;
				LD_RUNPATH_SEARCH_PATHS = (
					"$(inherited)",
					"@executable_path/Frameworks",
				);
				PRODUCT_BUNDLE_IDENTIFIER = com.wdit;
				PRODUCT_NAME = "$(TARGET_NAME)";
				SWIFT_VERSION = 5.0;
				TARGETED_DEVICE_FAMILY = "1,2";
			};
			name = Release;
		};
/* End XCBuildConfiguration section */

/* Begin XCConfigurationList section */
		E5644114250A213B0016B464 /* Build configuration list for PBXProject "TodayNews" */ = {
			isa = XCConfigurationList;
			buildConfigurations = (
				E564412B250A213D0016B464 /* Debug */,
				E564412C250A213D0016B464 /* Release */,
			);
			defaultConfigurationIsVisible = 0;
			defaultConfigurationName = Release;
		};
		E564412D250A213D0016B464 /* Build configuration list for PBXNativeTarget "TodayNews" */ = {
			isa = XCConfigurationList;
			buildConfigurations = (
				E564412E250A213D0016B464 /* Debug */,
				E564412F250A213D0016B464 /* Release */,
			);
			defaultConfigurationIsVisible = 0;
			defaultConfigurationName = Release;
		};
/* End XCConfigurationList section */
	};
	rootObject = E5644111250A213B0016B464 /* Project object */;
}
